// !$*UTF8*$!
{
	archiveVersion = 1;
	classes = {
	};
	objectVersion = 46;
	objects = {

/* Begin PBXBuildFile section */
		84AA339F19FD5D7C00EE15A0 /* main.m in Sources */ = {isa = PBXBuildFile; fileRef = 84AA339E19FD5D7C00EE15A0 /* main.m */; };
		84AA33A219FD5D7C00EE15A0 /* AppDelegate.m in Sources */ = {isa = PBXBuildFile; fileRef = 84AA33A119FD5D7C00EE15A0 /* AppDelegate.m */; };
		84AA33A519FD5D7C00EE15A0 /* ViewController.m in Sources */ = {isa = PBXBuildFile; fileRef = 84AA33A419FD5D7C00EE15A0 /* ViewController.m */; };
		84AA33A819FD5D7C00EE15A0 /* Main.storyboard in Resources */ = {isa = PBXBuildFile; fileRef = 84AA33A619FD5D7C00EE15A0 /* Main.storyboard */; };
		84AA33AA19FD5D7C00EE15A0 /* Images.xcassets in Resources */ = {isa = PBXBuildFile; fileRef = 84AA33A919FD5D7C00EE15A0 /* Images.xcassets */; };
		84AA33AD19FD5D7C00EE15A0 /* LaunchScreen.xib in Resources */ = {isa = PBXBuildFile; fileRef = 84AA33AB19FD5D7C00EE15A0 /* LaunchScreen.xib */; };
		84AA33B919FD5D7C00EE15A0 /* MyFirstAppTests.m in Sources */ = {isa = PBXBuildFile; fileRef = 84AA33B819FD5D7C00EE15A0 /* MyFirstAppTests.m */; };
		84AA33C319FD6E3D00EE15A0 /* iphone-ios-7-parallax-wallpaper-3.jpg in Resources */ = {isa = PBXBuildFile; fileRef = 84AA33C219FD6E3D00EE15A0 /* iphone-ios-7-parallax-wallpaper-3.jpg */; };
/* End PBXBuildFile section */

/* Begin PBXContainerItemProxy section */
		84AA33B319FD5D7C00EE15A0 /* PBXContainerItemProxy */ = {
			isa = PBXContainerItemProxy;
			containerPortal = 84AA339119FD5D7C00EE15A0 /* Project object */;
			proxyType = 1;
			remoteGlobalIDString = 84AA339819FD5D7C00EE15A0;
			remoteInfo = MyFirstApp;
		};
/* End PBXContainerItemProxy section */

/* Begin PBXFileReference section */
		84AA339919FD5D7C00EE15A0 /* MyFirstApp.app */ = {isa = PBXFileReference; explicitFileType = wrapper.application; includeInIndex = 0; path = MyFirstApp.app; sourceTree = BUILT_PRODUCTS_DIR; };
		84AA339D19FD5D7C00EE15A0 /* Info.plist */ = {isa = PBXFileReference; lastKnownFileType = text.plist.xml; path = Info.plist; sourceTree = "<group>"; };
		84AA339E19FD5D7C00EE15A0 /* main.m */ = {isa = PBXFileReference; lastKnownFileType = sourcecode.c.objc; path = main.m; sourceTree = "<group>"; };
		84AA33A019FD5D7C00EE15A0 /* AppDelegate.h */ = {isa = PBXFileReference; lastKnownFileType = sourcecode.c.h; path = AppDelegate.h; sourceTree = "<group>"; };
		84AA33A119FD5D7C00EE15A0 /* AppDelegate.m */ = {isa = PBXFileReference; lastKnownFileType = sourcecode.c.objc; path = AppDelegate.m; sourceTree = "<group>"; };
		84AA33A319FD5D7C00EE15A0 /* ViewController.h */ = {isa = PBXFileReference; lastKnownFileType = sourcecode.c.h; path = ViewController.h; sourceTree = "<group>"; };
		84AA33A419FD5D7C00EE15A0 /* ViewController.m */ = {isa = PBXFileReference; lastKnownFileType = sourcecode.c.objc; path = ViewController.m; sourceTree = "<group>"; };
		84AA33A719FD5D7C00EE15A0 /* Base */ = {isa = PBXFileReference; lastKnownFileType = file.storyboard; name = Base; path = Base.lproj/Main.storyboard; sourceTree = "<group>"; };
		84AA33A919FD5D7C00EE15A0 /* Images.xcassets */ = {isa = PBXFileReference; lastKnownFileType = folder.assetcatalog; path = Images.xcassets; sourceTree = "<group>"; };
		84AA33AC19FD5D7C00EE15A0 /* Base */ = {isa = PBXFileReference; lastKnownFileType = file.xib; name = Base; path = Base.lproj/LaunchScreen.xib; sourceTree = "<group>"; };
		84AA33B219FD5D7C00EE15A0 /* MyFirstAppTests.xctest */ = {isa = PBXFileReference; explicitFileType = wrapper.cfbundle; includeInIndex = 0; path = MyFirstAppTests.xctest; sourceTree = BUILT_PRODUCTS_DIR; };
		84AA33B719FD5D7C00EE15A0 /* Info.plist */ = {isa = PBXFileReference; lastKnownFileType = text.plist.xml; path = Info.plist; sourceTree = "<group>"; };
		84AA33B819FD5D7C00EE15A0 /* MyFirstAppTests.m */ = {isa = PBXFileReference; lastKnownFileType = sourcecode.c.objc; path = MyFirstAppTests.m; sourceTree = "<group>"; };
		84AA33C219FD6E3D00EE15A0 /* iphone-ios-7-parallax-wallpaper-3.jpg */ = {isa = PBXFileReference; lastKnownFileType = image.jpeg; path = "iphone-ios-7-parallax-wallpaper-3.jpg"; sourceTree = "<group>"; };
/* End PBXFileReference section */

/* Begin PBXFrameworksBuildPhase section */
		84AA339619FD5D7C00EE15A0 /* Frameworks */ = {
			isa = PBXFrameworksBuildPhase;
			buildActionMask = 2147483647;
			files = (
			);
			runOnlyForDeploymentPostprocessing = 0;
		};
		84AA33AF19FD5D7C00EE15A0 /* Frameworks */ = {
			isa = PBXFrameworksBuildPhase;
			buildActionMask = 2147483647;
			files = (
			);
			runOnlyForDeploymentPostprocessing = 0;
		};
/* End PBXFrameworksBuildPhase section */

/* Begin PBXGroup section */
		84AA339019FD5D7C00EE15A0 = {
			isa = PBXGroup;
			children = (
				84AA339B19FD5D7C00EE15A0 /* MyFirstApp */,
				84AA33B519FD5D7C00EE15A0 /* MyFirstAppTests */,
				84AA339A19FD5D7C00EE15A0 /* Products */,
			);
			sourceTree = "<group>";
		};
		84AA339A19FD5D7C00EE15A0 /* Products */ = {
			isa = PBXGroup;
			children = (
				84AA339919FD5D7C00EE15A0 /* MyFirstApp.app */,
				84AA33B219FD5D7C00EE15A0 /* MyFirstAppTests.xctest */,
			);
			name = Products;
			sourceTree = "<group>";
		};
		84AA339B19FD5D7C00EE15A0 /* MyFirstApp */ = {
			isa = PBXGroup;
			children = (
				84AA33A019FD5D7C00EE15A0 /* AppDelegate.h */,
				84AA33A119FD5D7C00EE15A0 /* AppDelegate.m */,
				84AA33A319FD5D7C00EE15A0 /* ViewController.h */,
				84AA33A419FD5D7C00EE15A0 /* ViewController.m */,
				84AA33A619FD5D7C00EE15A0 /* Main.storyboard */,
				84AA33A919FD5D7C00EE15A0 /* Images.xcassets */,
				84AA33AB19FD5D7C00EE15A0 /* LaunchScreen.xib */,
				84AA339C19FD5D7C00EE15A0 /* Supporting Files */,
			);
			path = MyFirstApp;
			sourceTree = "<group>";
		};
		84AA339C19FD5D7C00EE15A0 /* Supporting Files */ = {
			isa = PBXGroup;
			children = (
				84AA33C219FD6E3D00EE15A0 /* iphone-ios-7-parallax-wallpaper-3.jpg */,
				84AA339D19FD5D7C00EE15A0 /* Info.plist */,
				84AA339E19FD5D7C00EE15A0 /* main.m */,
			);
			name = "Supporting Files";
			sourceTree = "<group>";
		};
		84AA33B519FD5D7C00EE15A0 /* MyFirstAppTests */ = {
			isa = PBXGroup;
			children = (
				84AA33B819FD5D7C00EE15A0 /* MyFirstAppTests.m */,
				84AA33B619FD5D7C00EE15A0 /* Supporting Files */,
			);
			path = MyFirstAppTests;
			sourceTree = "<group>";
		};
		84AA33B619FD5D7C00EE15A0 /* Supporting Files */ = {
			isa = PBXGroup;
			children = (
				84AA33B719FD5D7C00EE15A0 /* Info.plist */,
			);
			name = "Supporting Files";
			sourceTree = "<group>";
		};
/* End PBXGroup section */

/* Begin PBXNativeTarget section */
		84AA339819FD5D7C00EE15A0 /* MyFirstApp */ = {
			isa = PBXNativeTarget;
			buildConfigurationList = 84AA33BC19FD5D7C00EE15A0 /* Build configuration list for PBXNativeTarget "MyFirstApp" */;
			buildPhases = (
				84AA339519FD5D7C00EE15A0 /* Sources */,
				84AA339619FD5D7C00EE15A0 /* Frameworks */,
				84AA339719FD5D7C00EE15A0 /* Resources */,
			);
			buildRules = (
			);
			dependencies = (
			);
			name = MyFirstApp;
			productName = MyFirstApp;
			productReference = 84AA339919FD5D7C00EE15A0 /* MyFirstApp.app */;
			productType = "com.apple.product-type.application";
		};
		84AA33B119FD5D7C00EE15A0 /* MyFirstAppTests */ = {
			isa = PBXNativeTarget;
			buildConfigurationList = 84AA33BF19FD5D7C00EE15A0 /* Build configuration list for PBXNativeTarget "MyFirstAppTests" */;
			buildPhases = (
				84AA33AE19FD5D7C00EE15A0 /* Sources */,
				84AA33AF19FD5D7C00EE15A0 /* Frameworks */,
				84AA33B019FD5D7C00EE15A0 /* Resources */,
			);
			buildRules = (
			);
			dependencies = (
				84AA33B419FD5D7C00EE15A0 /* PBXTargetDependency */,
			);
			name = MyFirstAppTests;
			productName = MyFirstAppTests;
			productReference = 84AA33B219FD5D7C00EE15A0 /* MyFirstAppTests.xctest */;
			productType = "com.apple.product-type.bundle.unit-test";
		};
/* End PBXNativeTarget section */

/* Begin PBXProject section */
		84AA339119FD5D7C00EE15A0 /* Project object */ = {
			isa = PBXProject;
			attributes = {
				LastUpgradeCheck = 0610;
				ORGANIZATIONNAME = JR;
				TargetAttributes = {
					84AA339819FD5D7C00EE15A0 = {
						CreatedOnToolsVersion = 6.1;
					};
					84AA33B119FD5D7C00EE15A0 = {
						CreatedOnToolsVersion = 6.1;
						TestTargetID = 84AA339819FD5D7C00EE15A0;
					};
				};
			};
			buildConfigurationList = 84AA339419FD5D7C00EE15A0 /* Build configuration list for PBXProject "MyFirstApp" */;
			compatibilityVersion = "Xcode 3.2";
			developmentRegion = English;
			hasScannedForEncodings = 0;
			knownRegions = (
				en,
				Base,
			);
			mainGroup = 84AA339019FD5D7C00EE15A0;
			productRefGroup = 84AA339A19FD5D7C00EE15A0 /* Products */;
			projectDirPath = "";
			projectRoot = "";
			targets = (
				84AA339819FD5D7C00EE15A0 /* MyFirstApp */,
				84AA33B119FD5D7C00EE15A0 /* MyFirstAppTests */,
			);
		};
/* End PBXProject section */

/* Begin PBXResourcesBuildPhase section */
		84AA339719FD5D7C00EE15A0 /* Resources */ = {
			isa = PBXResourcesBuildPhase;
			buildActionMask = 2147483647;
			files = (
				84AA33A819FD5D7C00EE15A0 /* Main.storyboard in Resources */,
				84AA33AD19FD5D7C00EE15A0 /* LaunchScreen.xib in Resources */,
				84AA33C319FD6E3D00EE15A0 /* iphone-ios-7-parallax-wallpaper-3.jpg in Resources */,
				84AA33AA19FD5D7C00EE15A0 /* Images.xcassets in Resources */,
			);
			runOnlyForDeploymentPostprocessing = 0;
		};
		84AA33B019FD5D7C00EE15A0 /* Resources */ = {
			isa = PBXResourcesBuildPhase;
			buildActionMask = 2147483647;
			files = (
			);
			runOnlyForDeploymentPostprocessing = 0;
		};
/* End PBXResourcesBuildPhase section */

/* Begin PBXSourcesBuildPhase section */
		84AA339519FD5D7C00EE15A0 /* Sources */ = {
			isa = PBXSourcesBuildPhase;
			buildActionMask = 2147483647;
			files = (
				84AA33A519FD5D7C00EE15A0 /* ViewController.m in Sources */,
				84AA33A219FD5D7C00EE15A0 /* AppDelegate.m in Sources */,
				84AA339F19FD5D7C00EE15A0 /* main.m in Sources */,
			);
			runOnlyForDeploymentPostprocessing = 0;
		};
		84AA33AE19FD5D7C00EE15A0 /* Sources */ = {
			isa = PBXSourcesBuildPhase;
			buildActionMask = 2147483647;
			files = (
				84AA33B919FD5D7C00EE15A0 /* MyFirstAppTests.m in Sources */,
			);
			runOnlyForDeploymentPostprocessing = 0;
		};
/* End PBXSourcesBuildPhase section */

/* Begin PBXTargetDependency section */
		84AA33B419FD5D7C00EE15A0 /* PBXTargetDependency */ = {
			isa = PBXTargetDependency;
			target = 84AA339819FD5D7C00EE15A0 /* MyFirstApp */;
			targetProxy = 84AA33B319FD5D7C00EE15A0 /* PBXContainerItemProxy */;
		};
/* End PBXTargetDependency section */

/* Begin PBXVariantGroup section */
		84AA33A619FD5D7C00EE15A0 /* Main.storyboard */ = {
			isa = PBXVariantGroup;
			children = (
				84AA33A719FD5D7C00EE15A0 /* Base */,
			);
			name = Main.storyboard;
			sourceTree = "<group>";
		};
		84AA33AB19FD5D7C00EE15A0 /* LaunchScreen.xib */ = {
			isa = PBXVariantGroup;
			children = (
				84AA33AC19FD5D7C00EE15A0 /* Base */,
			);
			name = LaunchScreen.xib;
			sourceTree = "<group>";
		};
/* End PBXVariantGroup section */

/* Begin XCBuildConfiguration section */
		84AA33BA19FD5D7C00EE15A0 /* Debug */ = {
			isa = XCBuildConfiguration;
			buildSettings = {
				ALWAYS_SEARCH_USER_PATHS = NO;
				CLANG_CXX_LANGUAGE_STANDARD = "gnu++0x";
				CLANG_CXX_LIBRARY = "libc++";
				CLANG_ENABLE_MODULES = YES;
				CLANG_ENABLE_OBJC_ARC = YES;
				CLANG_WARN_BOOL_CONVERSION = YES;
				CLANG_WARN_CONSTANT_CONVERSION = YES;
				CLANG_WARN_DIRECT_OBJC_ISA_USAGE = YES_ERROR;
				CLANG_WARN_EMPTY_BODY = YES;
				CLANG_WARN_ENUM_CONVERSION = YES;
				CLANG_WARN_INT_CONVERSION = YES;
				CLANG_WARN_OBJC_ROOT_CLASS = YES_ERROR;
				CLANG_WARN_UNREACHABLE_CODE = YES;
				CLANG_WARN__DUPLICATE_METHOD_MATCH = YES;
				"CODE_SIGN_IDENTITY[sdk=iphoneos*]" = "iPhone Developer";
				COPY_PHASE_STRIP = NO;
				ENABLE_STRICT_OBJC_MSGSEND = YES;
				GCC_C_LANGUAGE_STANDARD = gnu99;
				GCC_DYNAMIC_NO_PIC = NO;
				GCC_OPTIMIZATION_LEVEL = 0;
				GCC_PREPROCESSOR_DEFINITIONS = (
					"DEBUG=1",
					"$(inherited)",
				);
				GCC_SYMBOLS_PRIVATE_EXTERN = NO;
				GCC_WARN_64_TO_32_BIT_CONVERSION = YES;
				GCC_WARN_ABOUT_RETURN_TYPE = YES_ERROR;
				GCC_WARN_UNDECLARED_SELECTOR = YES;
				GCC_WARN_UNINITIALIZED_AUTOS = YES_AGGRESSIVE;
				GCC_WARN_UNUSED_FUNCTION = YES;
				GCC_WARN_UNUSED_VARIABLE = YES;
				IPHONEOS_DEPLOYMENT_TARGET = 8.1;
				MTL_ENABLE_DEBUG_INFO = YES;
				ONLY_ACTIVE_ARCH = YES;
				SDKROOT = iphoneos;
				TARGETED_DEVICE_FAMILY = "1,2";
			};
			name = Debug;
		};
		84AA33BB19FD5D7C00EE15A0 /* Release */ = {
			isa = XCBuildConfiguration;
			buildSettings = {
				ALWAYS_SEARCH_USER_PATHS = NO;
				CLANG_CXX_LANGUAGE_STANDARD = "gnu++0x";
				CLANG_CXX_LIBRARY = "libc++";
				CLANG_ENABLE_MODULES = YES;
				CLANG_ENABLE_OBJC_ARC = YES;
				CLANG_WARN_BOOL_CONVERSION = YES;
				CLANG_WARN_CONSTANT_CONVERSION = YES;
				CLANG_WARN_DIRECT_OBJC_ISA_USAGE = YES_ERROR;
				CLANG_WARN_EMPTY_BODY = YES;
				CLANG_WARN_ENUM_CONVERSION = YES;
				CLANG_WARN_INT_CONVERSION = YES;
				CLANG_WARN_OBJC_ROOT_CLASS = YES_ERROR;
				CLANG_WARN_UNREACHABLE_CODE = YES;
				CLANG_WARN__DUPLICATE_METHOD_MATCH = YES;
				"CODE_SIGN_IDENTITY[sdk=iphoneos*]" = "iPhone Developer";
				COPY_PHASE_STRIP = YES;
				ENABLE_NS_ASSERTIONS = NO;
				ENABLE_STRICT_OBJC_MSGSEND = YES;
				GCC_C_LANGUAGE_STANDARD = gnu99;
				GCC_WARN_64_TO_32_BIT_CONVERSION = YES;
				GCC_WARN_ABOUT_RETURN_TYPE = YES_ERROR;
				GCC_WARN_UNDECLARED_SELECTOR = YES;
				GCC_WARN_UNINITIALIZED_AUTOS = YES_AGGRESSIVE;
				GCC_WARN_UNUSED_FUNCTION = YES;
				GCC_WARN_UNUSED_VARIABLE = YES;
				IPHONEOS_DEPLOYMENT_TARGET = 8.1;
				MTL_ENABLE_DEBUG_INFO = NO;
				SDKROOT = iphoneos;
				TARGETED_DEVICE_FAMILY = "1,2";
				VALIDATE_PRODUCT = YES;
			};
			name = Release;
		};
		84AA33BD19FD5D7C00EE15A0 /* Debug */ = {
			isa = XCBuildConfiguration;
			buildSettings = {
				ASSETCATALOG_COMPILER_APPICON_NAME = AppIcon;
				INFOPLIST_FILE = MyFirstApp/Info.plist;
				LD_RUNPATH_SEARCH_PATHS = "$(inherited) @executable_path/Frameworks";
				PRODUCT_NAME = "$(TARGET_NAME)";
				TARGETED_DEVICE_FAMILY = 1;
			};
			name = Debug;
		};
		84AA33BE19FD5D7C00EE15A0 /* Release */ = {
			isa = XCBuildConfiguration;
			buildSettings = {
				ASSETCATALOG_COMPILER_APPICON_NAME = AppIcon;
				INFOPLIST_FILE = MyFirstApp/Info.plist;
				LD_RUNPATH_SEARCH_PATHS = "$(inherited) @executable_path/Frameworks";
				PRODUCT_NAME = "$(TARGET_NAME)";
				TARGETED_DEVICE_FAMILY = 1;
			};
			name = Release;
		};
		84AA33C019FD5D7C00EE15A0 /* Debug */ = {
			isa = XCBuildConfiguration;
			buildSettings = {
				BUNDLE_LOADER = "$(TEST_HOST)";
				FRAMEWORK_SEARCH_PATHS = (
					"$(SDKROOT)/Developer/Library/Frameworks",
					"$(inherited)",
				);
				GCC_PREPROCESSOR_DEFINITIONS = (
					"DEBUG=1",
					"$(inherited)",
				);
				INFOPLIST_FILE = MyFirstAppTests/Info.plist;
				LD_RUNPATH_SEARCH_PATHS = "$(inherited) @executable_path/Frameworks @loader_path/Frameworks";
				PRODUCT_NAME = "$(TARGET_NAME)";
				TEST_HOST = "$(BUILT_PRODUCTS_DIR)/MyFirstApp.app/MyFirstApp";
			};
			name = Debug;
		};
		84AA33C119FD5D7C00EE15A0 /* Release */ = {
			isa = XCBuildConfiguration;
			buildSettings = {
				BUNDLE_LOADER = "$(TEST_HOST)";
				FRAMEWORK_SEARCH_PATHS = (
					"$(SDKROOT)/Developer/Library/Frameworks",
					"$(inherited)",
				);
				INFOPLIST_FILE = MyFirstAppTests/Info.plist;
				LD_RUNPATH_SEARCH_PATHS = "$(inherited) @executable_path/Frameworks @loader_path/Frameworks";
				PRODUCT_NAME = "$(TARGET_NAME)";
				TEST_HOST = "$(BUILT_PRODUCTS_DIR)/MyFirstApp.app/MyFirstApp";
			};
			name = Release;
		};
/* End XCBuildConfiguration section */

/* Begin XCConfigurationList section */
		84AA339419FD5D7C00EE15A0 /* Build configuration list for PBXProject "MyFirstApp" */ = {
			isa = XCConfigurationList;
			buildConfigurations = (
				84AA33BA19FD5D7C00EE15A0 /* Debug */,
				84AA33BB19FD5D7C00EE15A0 /* Release */,
			);
			defaultConfigurationIsVisible = 0;
			defaultConfigurationName = Release;
		};
		84AA33BC19FD5D7C00EE15A0 /* Build configuration list for PBXNativeTarget "MyFirstApp" */ = {
			isa = XCConfigurationList;
			buildConfigurations = (
				84AA33BD19FD5D7C00EE15A0 /* Debug */,
				84AA33BE19FD5D7C00EE15A0 /* Release */,
			);
			defaultConfigurationIsVisible = 0;
			defaultConfigurationName = Release;
		};
		84AA33BF19FD5D7C00EE15A0 /* Build configuration list for PBXNativeTarget "MyFirstAppTests" */ = {
			isa = XCConfigurationList;
			buildConfigurations = (
				84AA33C019FD5D7C00EE15A0 /* Debug */,
				84AA33C119FD5D7C00EE15A0 /* Release */,
			);
			defaultConfigurationIsVisible = 0;
			defaultConfigurationName = Release;
		};
/* End XCConfigurationList section */
	};
	rootObject = 84AA339119FD5D7C00EE15A0 /* Project object */;
}
