// !$*UTF8*$!
{
	archiveVersion = 1;
	classes = {
	};
	objectVersion = 46;
	objects = {

/* Begin PBXBuildFile section */
		84A7C07C19F59201002D0BC8 /* Asset.m in Sources */ = {isa = PBXBuildFile; fileRef = 84A7C07919F59201002D0BC8 /* Asset.m */; };
		84A7C07D19F59201002D0BC8 /* Employee.m in Sources */ = {isa = PBXBuildFile; fileRef = 84A7C07B19F59201002D0BC8 /* Employee.m */; };
		84A7C07F19F5920E002D0BC8 /* main.m in Sources */ = {isa = PBXBuildFile; fileRef = 84A7C07E19F5920E002D0BC8 /* main.m */; };
/* End PBXBuildFile section */

/* Begin PBXCopyFilesBuildPhase section */
		845AD90019F3FC0A00A1F590 /* CopyFiles */ = {
			isa = PBXCopyFilesBuildPhase;
			buildActionMask = 2147483647;
			dstPath = /usr/share/man/man1/;
			dstSubfolderSpec = 0;
			files = (
			);
			runOnlyForDeploymentPostprocessing = 1;
		};
/* End PBXCopyFilesBuildPhase section */

/* Begin PBXFileReference section */
		845AD90219F3FC0A00A1F590 /* EmployeeAssets */ = {isa = PBXFileReference; explicitFileType = "compiled.mach-o.executable"; includeInIndex = 0; name = EmployeeAssets; path = "/Users/admin/Desktop/Objective-C/BigNerdRanch-ObjC/EmployeeAssets/build/Debug/EmployeeAssets"; sourceTree = "<absolute>"; };
		84A7C07819F59201002D0BC8 /* Asset.h */ = {isa = PBXFileReference; fileEncoding = 4; lastKnownFileType = sourcecode.c.h; path = Asset.h; sourceTree = "<group>"; };
		84A7C07919F59201002D0BC8 /* Asset.m */ = {isa = PBXFileReference; fileEncoding = 4; lastKnownFileType = sourcecode.c.objc; path = Asset.m; sourceTree = "<group>"; };
		84A7C07A19F59201002D0BC8 /* Employee.h */ = {isa = PBXFileReference; fileEncoding = 4; lastKnownFileType = sourcecode.c.h; path = Employee.h; sourceTree = "<group>"; };
		84A7C07B19F59201002D0BC8 /* Employee.m */ = {isa = PBXFileReference; fileEncoding = 4; lastKnownFileType = sourcecode.c.objc; path = Employee.m; sourceTree = "<group>"; };
		84A7C07E19F5920E002D0BC8 /* main.m */ = {isa = PBXFileReference; fileEncoding = 4; lastKnownFileType = sourcecode.c.objc; path = main.m; sourceTree = "<group>"; };
/* End PBXFileReference section */

/* Begin PBXFrameworksBuildPhase section */
		845AD8FF19F3FC0A00A1F590 /* Frameworks */ = {
			isa = PBXFrameworksBuildPhase;
			buildActionMask = 2147483647;
			files = (
			);
			runOnlyForDeploymentPostprocessing = 0;
		};
/* End PBXFrameworksBuildPhase section */

/* Begin PBXGroup section */
		845AD8F919F3FC0A00A1F590 = {
			isa = PBXGroup;
			children = (
				84A7C07719F591EA002D0BC8 /* Models */,
				84A7C07E19F5920E002D0BC8 /* main.m */,
			);
			sourceTree = "<group>";
		};
		84A7C07719F591EA002D0BC8 /* Models */ = {
			isa = PBXGroup;
			children = (
				84A7C07819F59201002D0BC8 /* Asset.h */,
				84A7C07919F59201002D0BC8 /* Asset.m */,
				84A7C07A19F59201002D0BC8 /* Employee.h */,
				84A7C07B19F59201002D0BC8 /* Employee.m */,
			);
			path = Models;
			sourceTree = "<group>";
		};
/* End PBXGroup section */

/* Begin PBXNativeTarget section */
		845AD90119F3FC0A00A1F590 /* EmployeeAssets */ = {
			isa = PBXNativeTarget;
			buildConfigurationList = 845AD90919F3FC0A00A1F590 /* Build configuration list for PBXNativeTarget "EmployeeAssets" */;
			buildPhases = (
				845AD8FE19F3FC0A00A1F590 /* Sources */,
				845AD8FF19F3FC0A00A1F590 /* Frameworks */,
				845AD90019F3FC0A00A1F590 /* CopyFiles */,
			);
			buildRules = (
			);
			dependencies = (
			);
			name = EmployeeAssets;
			productName = EmployeeAssets;
			productReference = 845AD90219F3FC0A00A1F590 /* EmployeeAssets */;
			productType = "com.apple.product-type.tool";
		};
/* End PBXNativeTarget section */

/* Begin PBXProject section */
		845AD8FA19F3FC0A00A1F590 /* Project object */ = {
			isa = PBXProject;
			attributes = {
				LastUpgradeCheck = 0600;
				ORGANIZATIONNAME = JR;
				TargetAttributes = {
					845AD90119F3FC0A00A1F590 = {
						CreatedOnToolsVersion = 6.0.1;
					};
				};
			};
			buildConfigurationList = 845AD8FD19F3FC0A00A1F590 /* Build configuration list for PBXProject "EmployeeAssets" */;
			compatibilityVersion = "Xcode 3.2";
			developmentRegion = English;
			hasScannedForEncodings = 0;
			knownRegions = (
				en,
			);
			mainGroup = 845AD8F919F3FC0A00A1F590;
			productRefGroup = 845AD8F919F3FC0A00A1F590;
			projectDirPath = "";
			projectRoot = "";
			targets = (
				845AD90119F3FC0A00A1F590 /* EmployeeAssets */,
			);
		};
/* End PBXProject section */

/* Begin PBXSourcesBuildPhase section */
		845AD8FE19F3FC0A00A1F590 /* Sources */ = {
			isa = PBXSourcesBuildPhase;
			buildActionMask = 2147483647;
			files = (
				84A7C07C19F59201002D0BC8 /* Asset.m in Sources */,
				84A7C07F19F5920E002D0BC8 /* main.m in Sources */,
				84A7C07D19F59201002D0BC8 /* Employee.m in Sources */,
			);
			runOnlyForDeploymentPostprocessing = 0;
		};
/* End PBXSourcesBuildPhase section */

/* Begin XCBuildConfiguration section */
		845AD90719F3FC0A00A1F590 /* Debug */ = {
			isa = XCBuildConfiguration;
			buildSettings = {
				ALWAYS_SEARCH_USER_PATHS = NO;
				CLANG_CXX_LANGUAGE_STANDARD = "gnu++0x";
				CLANG_CXX_LIBRARY = "libc++";
				CLANG_ENABLE_MODULES = YES;
				CLANG_ENABLE_OBJC_ARC = YES;
				CLANG_WARN_BOOL_CONVERSION = YES;
				CLANG_WARN_CONSTANT_CONVERSION = YES;
				CLANG_WARN_DIRECT_OBJC_ISA_USAGE = YES_ERROR;
				CLANG_WARN_EMPTY_BODY = YES;
				CLANG_WARN_ENUM_CONVERSION = YES;
				CLANG_WARN_INT_CONVERSION = YES;
				CLANG_WARN_OBJC_ROOT_CLASS = YES_ERROR;
				CLANG_WARN_UNREACHABLE_CODE = YES;
				CLANG_WARN__DUPLICATE_METHOD_MATCH = YES;
				COPY_PHASE_STRIP = NO;
				ENABLE_STRICT_OBJC_MSGSEND = YES;
				GCC_C_LANGUAGE_STANDARD = gnu99;
				GCC_DYNAMIC_NO_PIC = NO;
				GCC_OPTIMIZATION_LEVEL = 0;
				GCC_PREPROCESSOR_DEFINITIONS = (
					"DEBUG=1",
					"$(inherited)",
				);
				GCC_SYMBOLS_PRIVATE_EXTERN = NO;
				GCC_WARN_64_TO_32_BIT_CONVERSION = YES;
				GCC_WARN_ABOUT_RETURN_TYPE = YES_ERROR;
				GCC_WARN_UNDECLARED_SELECTOR = YES;
				GCC_WARN_UNINITIALIZED_AUTOS = YES_AGGRESSIVE;
				GCC_WARN_UNUSED_FUNCTION = YES;
				GCC_WARN_UNUSED_VARIABLE = YES;
				MACOSX_DEPLOYMENT_TARGET = 10.9;
				MTL_ENABLE_DEBUG_INFO = YES;
				ONLY_ACTIVE_ARCH = YES;
				SDKROOT = macosx;
			};
			name = Debug;
		};
		845AD90819F3FC0A00A1F590 /* Release */ = {
			isa = XCBuildConfiguration;
			buildSettings = {
				ALWAYS_SEARCH_USER_PATHS = NO;
				CLANG_CXX_LANGUAGE_STANDARD = "gnu++0x";
				CLANG_CXX_LIBRARY = "libc++";
				CLANG_ENABLE_MODULES = YES;
				CLANG_ENABLE_OBJC_ARC = YES;
				CLANG_WARN_BOOL_CONVERSION = YES;
				CLANG_WARN_CONSTANT_CONVERSION = YES;
				CLANG_WARN_DIRECT_OBJC_ISA_USAGE = YES_ERROR;
				CLANG_WARN_EMPTY_BODY = YES;
				CLANG_WARN_ENUM_CONVERSION = YES;
				CLANG_WARN_INT_CONVERSION = YES;
				CLANG_WARN_OBJC_ROOT_CLASS = YES_ERROR;
				CLANG_WARN_UNREACHABLE_CODE = YES;
				CLANG_WARN__DUPLICATE_METHOD_MATCH = YES;
				COPY_PHASE_STRIP = YES;
				DEBUG_INFORMATION_FORMAT = "dwarf-with-dsym";
				ENABLE_NS_ASSERTIONS = NO;
				ENABLE_STRICT_OBJC_MSGSEND = YES;
				GCC_C_LANGUAGE_STANDARD = gnu99;
				GCC_WARN_64_TO_32_BIT_CONVERSION = YES;
				GCC_WARN_ABOUT_RETURN_TYPE = YES_ERROR;
				GCC_WARN_UNDECLARED_SELECTOR = YES;
				GCC_WARN_UNINITIALIZED_AUTOS = YES_AGGRESSIVE;
				GCC_WARN_UNUSED_FUNCTION = YES;
				GCC_WARN_UNUSED_VARIABLE = YES;
				MACOSX_DEPLOYMENT_TARGET = 10.9;
				MTL_ENABLE_DEBUG_INFO = NO;
				SDKROOT = macosx;
			};
			name = Release;
		};
		845AD90A19F3FC0A00A1F590 /* Debug */ = {
			isa = XCBuildConfiguration;
			buildSettings = {
				PRODUCT_NAME = "$(TARGET_NAME)";
			};
			name = Debug;
		};
		845AD90B19F3FC0A00A1F590 /* Release */ = {
			isa = XCBuildConfiguration;
			buildSettings = {
				PRODUCT_NAME = "$(TARGET_NAME)";
			};
			name = Release;
		};
/* End XCBuildConfiguration section */

/* Begin XCConfigurationList section */
		845AD8FD19F3FC0A00A1F590 /* Build configuration list for PBXProject "EmployeeAssets" */ = {
			isa = XCConfigurationList;
			buildConfigurations = (
				845AD90719F3FC0A00A1F590 /* Debug */,
				845AD90819F3FC0A00A1F590 /* Release */,
			);
			defaultConfigurationIsVisible = 0;
			defaultConfigurationName = Release;
		};
		845AD90919F3FC0A00A1F590 /* Build configuration list for PBXNativeTarget "EmployeeAssets" */ = {
			isa = XCConfigurationList;
			buildConfigurations = (
				845AD90A19F3FC0A00A1F590 /* Debug */,
				845AD90B19F3FC0A00A1F590 /* Release */,
			);
			defaultConfigurationIsVisible = 0;
			defaultConfigurationName = Release;
		};
/* End XCConfigurationList section */
	};
	rootObject = 845AD8FA19F3FC0A00A1F590 /* Project object */;
}
