// !$*UTF8*$!
{
	archiveVersion = 1;
	classes = {
	};
	objectVersion = 46;
	objects = {

/* Begin PBXBuildFile section */
		8445F7731A06896700228397 /* DataViewController.m in Sources */ = {isa = PBXBuildFile; fileRef = 8445F7721A06896700228397 /* DataViewController.m */; };
		8470FF411A0632BA00C5DCEA /* AstronomicalData.m in Sources */ = {isa = PBXBuildFile; fileRef = 8470FF401A0632BA00C5DCEA /* AstronomicalData.m */; };
		8470FF4E1A06365E00C5DCEA /* Earth.jpg in Resources */ = {isa = PBXBuildFile; fileRef = 8470FF441A06365E00C5DCEA /* Earth.jpg */; };
		8470FF501A06365E00C5DCEA /* Jupiter.jpg in Resources */ = {isa = PBXBuildFile; fileRef = 8470FF461A06365E00C5DCEA /* Jupiter.jpg */; };
		8470FF511A06365E00C5DCEA /* Mars.jpg in Resources */ = {isa = PBXBuildFile; fileRef = 8470FF471A06365E00C5DCEA /* Mars.jpg */; };
		8470FF521A06365E00C5DCEA /* Mercury.jpg in Resources */ = {isa = PBXBuildFile; fileRef = 8470FF481A06365E00C5DCEA /* Mercury.jpg */; };
		8470FF531A06365E00C5DCEA /* Neptune.jpg in Resources */ = {isa = PBXBuildFile; fileRef = 8470FF491A06365E00C5DCEA /* Neptune.jpg */; };
		8470FF551A06365E00C5DCEA /* Saturn.jpg in Resources */ = {isa = PBXBuildFile; fileRef = 8470FF4B1A06365E00C5DCEA /* Saturn.jpg */; };
		8470FF561A06365E00C5DCEA /* Uranus.jpg in Resources */ = {isa = PBXBuildFile; fileRef = 8470FF4C1A06365E00C5DCEA /* Uranus.jpg */; };
		8470FF571A06365E00C5DCEA /* Venus.jpg in Resources */ = {isa = PBXBuildFile; fileRef = 8470FF4D1A06365E00C5DCEA /* Venus.jpg */; };
		8470FF5A1A0636A800C5DCEA /* SpaceObject.m in Sources */ = {isa = PBXBuildFile; fileRef = 8470FF591A0636A800C5DCEA /* SpaceObject.m */; };
		8470FF5E1A0655C200C5DCEA /* PlanetImageViewController.m in Sources */ = {isa = PBXBuildFile; fileRef = 8470FF5D1A0655C200C5DCEA /* PlanetImageViewController.m */; };
		84DFEFD91A058A7000B537D5 /* main.m in Sources */ = {isa = PBXBuildFile; fileRef = 84DFEFD81A058A7000B537D5 /* main.m */; };
		84DFEFDC1A058A7000B537D5 /* AppDelegate.m in Sources */ = {isa = PBXBuildFile; fileRef = 84DFEFDB1A058A7000B537D5 /* AppDelegate.m */; };
		84DFEFE21A058A7000B537D5 /* Main.storyboard in Resources */ = {isa = PBXBuildFile; fileRef = 84DFEFE01A058A7000B537D5 /* Main.storyboard */; };
		84DFEFE41A058A7000B537D5 /* Images.xcassets in Resources */ = {isa = PBXBuildFile; fileRef = 84DFEFE31A058A7000B537D5 /* Images.xcassets */; };
		84DFEFE71A058A7000B537D5 /* LaunchScreen.xib in Resources */ = {isa = PBXBuildFile; fileRef = 84DFEFE51A058A7000B537D5 /* LaunchScreen.xib */; };
		84DFEFF31A058A7000B537D5 /* OutOfThisWorldTests.m in Sources */ = {isa = PBXBuildFile; fileRef = 84DFEFF21A058A7000B537D5 /* OutOfThisWorldTests.m */; };
		84DFF0011A058BD900B537D5 /* MainTableViewController.m in Sources */ = {isa = PBXBuildFile; fileRef = 84DFF0001A058BD900B537D5 /* MainTableViewController.m */; };
/* End PBXBuildFile section */

/* Begin PBXContainerItemProxy section */
		84DFEFED1A058A7000B537D5 /* PBXContainerItemProxy */ = {
			isa = PBXContainerItemProxy;
			containerPortal = 84DFEFCB1A058A7000B537D5 /* Project object */;
			proxyType = 1;
			remoteGlobalIDString = 84DFEFD21A058A7000B537D5;
			remoteInfo = OutOfThisWorld;
		};
/* End PBXContainerItemProxy section */

/* Begin PBXFileReference section */
		8445F7711A06896700228397 /* DataViewController.h */ = {isa = PBXFileReference; fileEncoding = 4; lastKnownFileType = sourcecode.c.h; path = DataViewController.h; sourceTree = "<group>"; };
		8445F7721A06896700228397 /* DataViewController.m */ = {isa = PBXFileReference; fileEncoding = 4; lastKnownFileType = sourcecode.c.objc; path = DataViewController.m; sourceTree = "<group>"; };
		8470FF3F1A0632BA00C5DCEA /* AstronomicalData.h */ = {isa = PBXFileReference; fileEncoding = 4; lastKnownFileType = sourcecode.c.h; path = AstronomicalData.h; sourceTree = "<group>"; };
		8470FF401A0632BA00C5DCEA /* AstronomicalData.m */ = {isa = PBXFileReference; fileEncoding = 4; lastKnownFileType = sourcecode.c.objc; path = AstronomicalData.m; sourceTree = "<group>"; };
		8470FF441A06365E00C5DCEA /* Earth.jpg */ = {isa = PBXFileReference; lastKnownFileType = image.jpeg; path = Earth.jpg; sourceTree = "<group>"; };
		8470FF461A06365E00C5DCEA /* Jupiter.jpg */ = {isa = PBXFileReference; lastKnownFileType = image.jpeg; path = Jupiter.jpg; sourceTree = "<group>"; };
		8470FF471A06365E00C5DCEA /* Mars.jpg */ = {isa = PBXFileReference; lastKnownFileType = image.jpeg; path = Mars.jpg; sourceTree = "<group>"; };
		8470FF481A06365E00C5DCEA /* Mercury.jpg */ = {isa = PBXFileReference; lastKnownFileType = image.jpeg; path = Mercury.jpg; sourceTree = "<group>"; };
		8470FF491A06365E00C5DCEA /* Neptune.jpg */ = {isa = PBXFileReference; lastKnownFileType = image.jpeg; path = Neptune.jpg; sourceTree = "<group>"; };
		8470FF4B1A06365E00C5DCEA /* Saturn.jpg */ = {isa = PBXFileReference; lastKnownFileType = image.jpeg; path = Saturn.jpg; sourceTree = "<group>"; };
		8470FF4C1A06365E00C5DCEA /* Uranus.jpg */ = {isa = PBXFileReference; lastKnownFileType = image.jpeg; path = Uranus.jpg; sourceTree = "<group>"; };
		8470FF4D1A06365E00C5DCEA /* Venus.jpg */ = {isa = PBXFileReference; lastKnownFileType = image.jpeg; path = Venus.jpg; sourceTree = "<group>"; };
		8470FF581A0636A800C5DCEA /* SpaceObject.h */ = {isa = PBXFileReference; fileEncoding = 4; lastKnownFileType = sourcecode.c.h; path = SpaceObject.h; sourceTree = "<group>"; };
		8470FF591A0636A800C5DCEA /* SpaceObject.m */ = {isa = PBXFileReference; fileEncoding = 4; lastKnownFileType = sourcecode.c.objc; path = SpaceObject.m; sourceTree = "<group>"; };
		8470FF5C1A0655C200C5DCEA /* PlanetImageViewController.h */ = {isa = PBXFileReference; fileEncoding = 4; lastKnownFileType = sourcecode.c.h; path = PlanetImageViewController.h; sourceTree = "<group>"; };
		8470FF5D1A0655C200C5DCEA /* PlanetImageViewController.m */ = {isa = PBXFileReference; fileEncoding = 4; lastKnownFileType = sourcecode.c.objc; path = PlanetImageViewController.m; sourceTree = "<group>"; };
		84DFEFD31A058A7000B537D5 /* OutOfThisWorld.app */ = {isa = PBXFileReference; explicitFileType = wrapper.application; includeInIndex = 0; path = OutOfThisWorld.app; sourceTree = BUILT_PRODUCTS_DIR; };
		84DFEFD71A058A7000B537D5 /* Info.plist */ = {isa = PBXFileReference; lastKnownFileType = text.plist.xml; path = Info.plist; sourceTree = "<group>"; };
		84DFEFD81A058A7000B537D5 /* main.m */ = {isa = PBXFileReference; lastKnownFileType = sourcecode.c.objc; path = main.m; sourceTree = "<group>"; };
		84DFEFDA1A058A7000B537D5 /* AppDelegate.h */ = {isa = PBXFileReference; lastKnownFileType = sourcecode.c.h; path = AppDelegate.h; sourceTree = "<group>"; };
		84DFEFDB1A058A7000B537D5 /* AppDelegate.m */ = {isa = PBXFileReference; lastKnownFileType = sourcecode.c.objc; path = AppDelegate.m; sourceTree = "<group>"; };
		84DFEFE11A058A7000B537D5 /* Base */ = {isa = PBXFileReference; lastKnownFileType = file.storyboard; name = Base; path = Base.lproj/Main.storyboard; sourceTree = "<group>"; };
		84DFEFE31A058A7000B537D5 /* Images.xcassets */ = {isa = PBXFileReference; lastKnownFileType = folder.assetcatalog; path = Images.xcassets; sourceTree = "<group>"; };
		84DFEFE61A058A7000B537D5 /* Base */ = {isa = PBXFileReference; lastKnownFileType = file.xib; name = Base; path = Base.lproj/LaunchScreen.xib; sourceTree = "<group>"; };
		84DFEFEC1A058A7000B537D5 /* OutOfThisWorldTests.xctest */ = {isa = PBXFileReference; explicitFileType = wrapper.cfbundle; includeInIndex = 0; path = OutOfThisWorldTests.xctest; sourceTree = BUILT_PRODUCTS_DIR; };
		84DFEFF11A058A7000B537D5 /* Info.plist */ = {isa = PBXFileReference; lastKnownFileType = text.plist.xml; path = Info.plist; sourceTree = "<group>"; };
		84DFEFF21A058A7000B537D5 /* OutOfThisWorldTests.m */ = {isa = PBXFileReference; lastKnownFileType = sourcecode.c.objc; path = OutOfThisWorldTests.m; sourceTree = "<group>"; };
		84DFEFFF1A058BD900B537D5 /* MainTableViewController.h */ = {isa = PBXFileReference; fileEncoding = 4; lastKnownFileType = sourcecode.c.h; path = MainTableViewController.h; sourceTree = "<group>"; };
		84DFF0001A058BD900B537D5 /* MainTableViewController.m */ = {isa = PBXFileReference; fileEncoding = 4; lastKnownFileType = sourcecode.c.objc; path = MainTableViewController.m; sourceTree = "<group>"; };
/* End PBXFileReference section */

/* Begin PBXFrameworksBuildPhase section */
		84DFEFD01A058A7000B537D5 /* Frameworks */ = {
			isa = PBXFrameworksBuildPhase;
			buildActionMask = 2147483647;
			files = (
			);
			runOnlyForDeploymentPostprocessing = 0;
		};
		84DFEFE91A058A7000B537D5 /* Frameworks */ = {
			isa = PBXFrameworksBuildPhase;
			buildActionMask = 2147483647;
			files = (
			);
			runOnlyForDeploymentPostprocessing = 0;
		};
/* End PBXFrameworksBuildPhase section */

/* Begin PBXGroup section */
		8470FF421A0632ED00C5DCEA /* Data */ = {
			isa = PBXGroup;
			children = (
				8470FF3F1A0632BA00C5DCEA /* AstronomicalData.h */,
				8470FF401A0632BA00C5DCEA /* AstronomicalData.m */,
			);
			path = Data;
			sourceTree = "<group>";
		};
		8470FF431A06365E00C5DCEA /* planet-images */ = {
			isa = PBXGroup;
			children = (
				8470FF441A06365E00C5DCEA /* Earth.jpg */,
				8470FF461A06365E00C5DCEA /* Jupiter.jpg */,
				8470FF471A06365E00C5DCEA /* Mars.jpg */,
				8470FF481A06365E00C5DCEA /* Mercury.jpg */,
				8470FF491A06365E00C5DCEA /* Neptune.jpg */,
				8470FF4B1A06365E00C5DCEA /* Saturn.jpg */,
				8470FF4C1A06365E00C5DCEA /* Uranus.jpg */,
				8470FF4D1A06365E00C5DCEA /* Venus.jpg */,
			);
			path = "planet-images";
			sourceTree = "<group>";
		};
		8470FF5B1A0636BC00C5DCEA /* Model */ = {
			isa = PBXGroup;
			children = (
				8470FF581A0636A800C5DCEA /* SpaceObject.h */,
				8470FF591A0636A800C5DCEA /* SpaceObject.m */,
			);
			path = Model;
			sourceTree = "<group>";
		};
		84DFEFCA1A058A7000B537D5 = {
			isa = PBXGroup;
			children = (
				84DFEFD51A058A7000B537D5 /* OutOfThisWorld */,
				84DFEFEF1A058A7000B537D5 /* OutOfThisWorldTests */,
				84DFEFD41A058A7000B537D5 /* Products */,
			);
			sourceTree = "<group>";
		};
		84DFEFD41A058A7000B537D5 /* Products */ = {
			isa = PBXGroup;
			children = (
				84DFEFD31A058A7000B537D5 /* OutOfThisWorld.app */,
				84DFEFEC1A058A7000B537D5 /* OutOfThisWorldTests.xctest */,
			);
			name = Products;
			sourceTree = "<group>";
		};
		84DFEFD51A058A7000B537D5 /* OutOfThisWorld */ = {
			isa = PBXGroup;
			children = (
				84DFEFFF1A058BD900B537D5 /* MainTableViewController.h */,
				84DFF0001A058BD900B537D5 /* MainTableViewController.m */,
				8470FF5C1A0655C200C5DCEA /* PlanetImageViewController.h */,
				8470FF5D1A0655C200C5DCEA /* PlanetImageViewController.m */,
				8445F7711A06896700228397 /* DataViewController.h */,
				8445F7721A06896700228397 /* DataViewController.m */,
				84DFEFE01A058A7000B537D5 /* Main.storyboard */,
				8470FF5B1A0636BC00C5DCEA /* Model */,
				8470FF421A0632ED00C5DCEA /* Data */,
				84DFEFE31A058A7000B537D5 /* Images.xcassets */,
				84DFEFE51A058A7000B537D5 /* LaunchScreen.xib */,
				84DFEFD61A058A7000B537D5 /* Supporting Files */,
			);
			path = OutOfThisWorld;
			sourceTree = "<group>";
		};
		84DFEFD61A058A7000B537D5 /* Supporting Files */ = {
			isa = PBXGroup;
			children = (
				8470FF431A06365E00C5DCEA /* planet-images */,
				84DFEFDA1A058A7000B537D5 /* AppDelegate.h */,
				84DFEFDB1A058A7000B537D5 /* AppDelegate.m */,
				84DFEFD71A058A7000B537D5 /* Info.plist */,
				84DFEFD81A058A7000B537D5 /* main.m */,
			);
			name = "Supporting Files";
			sourceTree = "<group>";
		};
		84DFEFEF1A058A7000B537D5 /* OutOfThisWorldTests */ = {
			isa = PBXGroup;
			children = (
				84DFEFF21A058A7000B537D5 /* OutOfThisWorldTests.m */,
				84DFEFF01A058A7000B537D5 /* Supporting Files */,
			);
			path = OutOfThisWorldTests;
			sourceTree = "<group>";
		};
		84DFEFF01A058A7000B537D5 /* Supporting Files */ = {
			isa = PBXGroup;
			children = (
				84DFEFF11A058A7000B537D5 /* Info.plist */,
			);
			name = "Supporting Files";
			sourceTree = "<group>";
		};
/* End PBXGroup section */

/* Begin PBXNativeTarget section */
		84DFEFD21A058A7000B537D5 /* OutOfThisWorld */ = {
			isa = PBXNativeTarget;
			buildConfigurationList = 84DFEFF61A058A7000B537D5 /* Build configuration list for PBXNativeTarget "OutOfThisWorld" */;
			buildPhases = (
				84DFEFCF1A058A7000B537D5 /* Sources */,
				84DFEFD01A058A7000B537D5 /* Frameworks */,
				84DFEFD11A058A7000B537D5 /* Resources */,
			);
			buildRules = (
			);
			dependencies = (
			);
			name = OutOfThisWorld;
			productName = OutOfThisWorld;
			productReference = 84DFEFD31A058A7000B537D5 /* OutOfThisWorld.app */;
			productType = "com.apple.product-type.application";
		};
		84DFEFEB1A058A7000B537D5 /* OutOfThisWorldTests */ = {
			isa = PBXNativeTarget;
			buildConfigurationList = 84DFEFF91A058A7000B537D5 /* Build configuration list for PBXNativeTarget "OutOfThisWorldTests" */;
			buildPhases = (
				84DFEFE81A058A7000B537D5 /* Sources */,
				84DFEFE91A058A7000B537D5 /* Frameworks */,
				84DFEFEA1A058A7000B537D5 /* Resources */,
			);
			buildRules = (
			);
			dependencies = (
				84DFEFEE1A058A7000B537D5 /* PBXTargetDependency */,
			);
			name = OutOfThisWorldTests;
			productName = OutOfThisWorldTests;
			productReference = 84DFEFEC1A058A7000B537D5 /* OutOfThisWorldTests.xctest */;
			productType = "com.apple.product-type.bundle.unit-test";
		};
/* End PBXNativeTarget section */

/* Begin PBXProject section */
		84DFEFCB1A058A7000B537D5 /* Project object */ = {
			isa = PBXProject;
			attributes = {
				LastUpgradeCheck = 0610;
				ORGANIZATIONNAME = JR;
				TargetAttributes = {
					84DFEFD21A058A7000B537D5 = {
						CreatedOnToolsVersion = 6.1;
					};
					84DFEFEB1A058A7000B537D5 = {
						CreatedOnToolsVersion = 6.1;
						TestTargetID = 84DFEFD21A058A7000B537D5;
					};
				};
			};
			buildConfigurationList = 84DFEFCE1A058A7000B537D5 /* Build configuration list for PBXProject "OutOfThisWorld" */;
			compatibilityVersion = "Xcode 3.2";
			developmentRegion = English;
			hasScannedForEncodings = 0;
			knownRegions = (
				en,
				Base,
			);
			mainGroup = 84DFEFCA1A058A7000B537D5;
			productRefGroup = 84DFEFD41A058A7000B537D5 /* Products */;
			projectDirPath = "";
			projectRoot = "";
			targets = (
				84DFEFD21A058A7000B537D5 /* OutOfThisWorld */,
				84DFEFEB1A058A7000B537D5 /* OutOfThisWorldTests */,
			);
		};
/* End PBXProject section */

/* Begin PBXResourcesBuildPhase section */
		84DFEFD11A058A7000B537D5 /* Resources */ = {
			isa = PBXResourcesBuildPhase;
			buildActionMask = 2147483647;
			files = (
				8470FF4E1A06365E00C5DCEA /* Earth.jpg in Resources */,
				8470FF571A06365E00C5DCEA /* Venus.jpg in Resources */,
				8470FF521A06365E00C5DCEA /* Mercury.jpg in Resources */,
				8470FF551A06365E00C5DCEA /* Saturn.jpg in Resources */,
				8470FF561A06365E00C5DCEA /* Uranus.jpg in Resources */,
				84DFEFE21A058A7000B537D5 /* Main.storyboard in Resources */,
				8470FF531A06365E00C5DCEA /* Neptune.jpg in Resources */,
				8470FF511A06365E00C5DCEA /* Mars.jpg in Resources */,
				84DFEFE71A058A7000B537D5 /* LaunchScreen.xib in Resources */,
				84DFEFE41A058A7000B537D5 /* Images.xcassets in Resources */,
				8470FF501A06365E00C5DCEA /* Jupiter.jpg in Resources */,
			);
			runOnlyForDeploymentPostprocessing = 0;
		};
		84DFEFEA1A058A7000B537D5 /* Resources */ = {
			isa = PBXResourcesBuildPhase;
			buildActionMask = 2147483647;
			files = (
			);
			runOnlyForDeploymentPostprocessing = 0;
		};
/* End PBXResourcesBuildPhase section */

/* Begin PBXSourcesBuildPhase section */
		84DFEFCF1A058A7000B537D5 /* Sources */ = {
			isa = PBXSourcesBuildPhase;
			buildActionMask = 2147483647;
			files = (
				84DFEFDC1A058A7000B537D5 /* AppDelegate.m in Sources */,
				84DFEFD91A058A7000B537D5 /* main.m in Sources */,
				8470FF5E1A0655C200C5DCEA /* PlanetImageViewController.m in Sources */,
				8445F7731A06896700228397 /* DataViewController.m in Sources */,
				84DFF0011A058BD900B537D5 /* MainTableViewController.m in Sources */,
				8470FF411A0632BA00C5DCEA /* AstronomicalData.m in Sources */,
				8470FF5A1A0636A800C5DCEA /* SpaceObject.m in Sources */,
			);
			runOnlyForDeploymentPostprocessing = 0;
		};
		84DFEFE81A058A7000B537D5 /* Sources */ = {
			isa = PBXSourcesBuildPhase;
			buildActionMask = 2147483647;
			files = (
				84DFEFF31A058A7000B537D5 /* OutOfThisWorldTests.m in Sources */,
			);
			runOnlyForDeploymentPostprocessing = 0;
		};
/* End PBXSourcesBuildPhase section */

/* Begin PBXTargetDependency section */
		84DFEFEE1A058A7000B537D5 /* PBXTargetDependency */ = {
			isa = PBXTargetDependency;
			target = 84DFEFD21A058A7000B537D5 /* OutOfThisWorld */;
			targetProxy = 84DFEFED1A058A7000B537D5 /* PBXContainerItemProxy */;
		};
/* End PBXTargetDependency section */

/* Begin PBXVariantGroup section */
		84DFEFE01A058A7000B537D5 /* Main.storyboard */ = {
			isa = PBXVariantGroup;
			children = (
				84DFEFE11A058A7000B537D5 /* Base */,
			);
			name = Main.storyboard;
			sourceTree = "<group>";
		};
		84DFEFE51A058A7000B537D5 /* LaunchScreen.xib */ = {
			isa = PBXVariantGroup;
			children = (
				84DFEFE61A058A7000B537D5 /* Base */,
			);
			name = LaunchScreen.xib;
			sourceTree = "<group>";
		};
/* End PBXVariantGroup section */

/* Begin XCBuildConfiguration section */
		84DFEFF41A058A7000B537D5 /* Debug */ = {
			isa = XCBuildConfiguration;
			buildSettings = {
				ALWAYS_SEARCH_USER_PATHS = NO;
				CLANG_CXX_LANGUAGE_STANDARD = "gnu++0x";
				CLANG_CXX_LIBRARY = "libc++";
				CLANG_ENABLE_MODULES = YES;
				CLANG_ENABLE_OBJC_ARC = YES;
				CLANG_WARN_BOOL_CONVERSION = YES;
				CLANG_WARN_CONSTANT_CONVERSION = YES;
				CLANG_WARN_DIRECT_OBJC_ISA_USAGE = YES_ERROR;
				CLANG_WARN_EMPTY_BODY = YES;
				CLANG_WARN_ENUM_CONVERSION = YES;
				CLANG_WARN_INT_CONVERSION = YES;
				CLANG_WARN_OBJC_ROOT_CLASS = YES_ERROR;
				CLANG_WARN_UNREACHABLE_CODE = YES;
				CLANG_WARN__DUPLICATE_METHOD_MATCH = YES;
				"CODE_SIGN_IDENTITY[sdk=iphoneos*]" = "iPhone Developer";
				COPY_PHASE_STRIP = NO;
				ENABLE_STRICT_OBJC_MSGSEND = YES;
				GCC_C_LANGUAGE_STANDARD = gnu99;
				GCC_DYNAMIC_NO_PIC = NO;
				GCC_OPTIMIZATION_LEVEL = 0;
				GCC_PREPROCESSOR_DEFINITIONS = (
					"DEBUG=1",
					"$(inherited)",
				);
				GCC_SYMBOLS_PRIVATE_EXTERN = NO;
				GCC_WARN_64_TO_32_BIT_CONVERSION = YES;
				GCC_WARN_ABOUT_RETURN_TYPE = YES_ERROR;
				GCC_WARN_UNDECLARED_SELECTOR = YES;
				GCC_WARN_UNINITIALIZED_AUTOS = YES_AGGRESSIVE;
				GCC_WARN_UNUSED_FUNCTION = YES;
				GCC_WARN_UNUSED_VARIABLE = YES;
				IPHONEOS_DEPLOYMENT_TARGET = 8.1;
				MTL_ENABLE_DEBUG_INFO = YES;
				ONLY_ACTIVE_ARCH = YES;
				SDKROOT = iphoneos;
			};
			name = Debug;
		};
		84DFEFF51A058A7000B537D5 /* Release */ = {
			isa = XCBuildConfiguration;
			buildSettings = {
				ALWAYS_SEARCH_USER_PATHS = NO;
				CLANG_CXX_LANGUAGE_STANDARD = "gnu++0x";
				CLANG_CXX_LIBRARY = "libc++";
				CLANG_ENABLE_MODULES = YES;
				CLANG_ENABLE_OBJC_ARC = YES;
				CLANG_WARN_BOOL_CONVERSION = YES;
				CLANG_WARN_CONSTANT_CONVERSION = YES;
				CLANG_WARN_DIRECT_OBJC_ISA_USAGE = YES_ERROR;
				CLANG_WARN_EMPTY_BODY = YES;
				CLANG_WARN_ENUM_CONVERSION = YES;
				CLANG_WARN_INT_CONVERSION = YES;
				CLANG_WARN_OBJC_ROOT_CLASS = YES_ERROR;
				CLANG_WARN_UNREACHABLE_CODE = YES;
				CLANG_WARN__DUPLICATE_METHOD_MATCH = YES;
				"CODE_SIGN_IDENTITY[sdk=iphoneos*]" = "iPhone Developer";
				COPY_PHASE_STRIP = YES;
				ENABLE_NS_ASSERTIONS = NO;
				ENABLE_STRICT_OBJC_MSGSEND = YES;
				GCC_C_LANGUAGE_STANDARD = gnu99;
				GCC_WARN_64_TO_32_BIT_CONVERSION = YES;
				GCC_WARN_ABOUT_RETURN_TYPE = YES_ERROR;
				GCC_WARN_UNDECLARED_SELECTOR = YES;
				GCC_WARN_UNINITIALIZED_AUTOS = YES_AGGRESSIVE;
				GCC_WARN_UNUSED_FUNCTION = YES;
				GCC_WARN_UNUSED_VARIABLE = YES;
				IPHONEOS_DEPLOYMENT_TARGET = 8.1;
				MTL_ENABLE_DEBUG_INFO = NO;
				SDKROOT = iphoneos;
				VALIDATE_PRODUCT = YES;
			};
			name = Release;
		};
		84DFEFF71A058A7000B537D5 /* Debug */ = {
			isa = XCBuildConfiguration;
			buildSettings = {
				ASSETCATALOG_COMPILER_APPICON_NAME = AppIcon;
				INFOPLIST_FILE = OutOfThisWorld/Info.plist;
				LD_RUNPATH_SEARCH_PATHS = "$(inherited) @executable_path/Frameworks";
				PRODUCT_NAME = "$(TARGET_NAME)";
			};
			name = Debug;
		};
		84DFEFF81A058A7000B537D5 /* Release */ = {
			isa = XCBuildConfiguration;
			buildSettings = {
				ASSETCATALOG_COMPILER_APPICON_NAME = AppIcon;
				INFOPLIST_FILE = OutOfThisWorld/Info.plist;
				LD_RUNPATH_SEARCH_PATHS = "$(inherited) @executable_path/Frameworks";
				PRODUCT_NAME = "$(TARGET_NAME)";
			};
			name = Release;
		};
		84DFEFFA1A058A7000B537D5 /* Debug */ = {
			isa = XCBuildConfiguration;
			buildSettings = {
				BUNDLE_LOADER = "$(TEST_HOST)";
				FRAMEWORK_SEARCH_PATHS = (
					"$(SDKROOT)/Developer/Library/Frameworks",
					"$(inherited)",
				);
				GCC_PREPROCESSOR_DEFINITIONS = (
					"DEBUG=1",
					"$(inherited)",
				);
				INFOPLIST_FILE = OutOfThisWorldTests/Info.plist;
				LD_RUNPATH_SEARCH_PATHS = "$(inherited) @executable_path/Frameworks @loader_path/Frameworks";
				PRODUCT_NAME = "$(TARGET_NAME)";
				TEST_HOST = "$(BUILT_PRODUCTS_DIR)/OutOfThisWorld.app/OutOfThisWorld";
			};
			name = Debug;
		};
		84DFEFFB1A058A7000B537D5 /* Release */ = {
			isa = XCBuildConfiguration;
			buildSettings = {
				BUNDLE_LOADER = "$(TEST_HOST)";
				FRAMEWORK_SEARCH_PATHS = (
					"$(SDKROOT)/Developer/Library/Frameworks",
					"$(inherited)",
				);
				INFOPLIST_FILE = OutOfThisWorldTests/Info.plist;
				LD_RUNPATH_SEARCH_PATHS = "$(inherited) @executable_path/Frameworks @loader_path/Frameworks";
				PRODUCT_NAME = "$(TARGET_NAME)";
				TEST_HOST = "$(BUILT_PRODUCTS_DIR)/OutOfThisWorld.app/OutOfThisWorld";
			};
			name = Release;
		};
/* End XCBuildConfiguration section */

/* Begin XCConfigurationList section */
		84DFEFCE1A058A7000B537D5 /* Build configuration list for PBXProject "OutOfThisWorld" */ = {
			isa = XCConfigurationList;
			buildConfigurations = (
				84DFEFF41A058A7000B537D5 /* Debug */,
				84DFEFF51A058A7000B537D5 /* Release */,
			);
			defaultConfigurationIsVisible = 0;
			defaultConfigurationName = Release;
		};
		84DFEFF61A058A7000B537D5 /* Build configuration list for PBXNativeTarget "OutOfThisWorld" */ = {
			isa = XCConfigurationList;
			buildConfigurations = (
				84DFEFF71A058A7000B537D5 /* Debug */,
				84DFEFF81A058A7000B537D5 /* Release */,
			);
			defaultConfigurationIsVisible = 0;
			defaultConfigurationName = Release;
		};
		84DFEFF91A058A7000B537D5 /* Build configuration list for PBXNativeTarget "OutOfThisWorldTests" */ = {
			isa = XCConfigurationList;
			buildConfigurations = (
				84DFEFFA1A058A7000B537D5 /* Debug */,
				84DFEFFB1A058A7000B537D5 /* Release */,
			);
			defaultConfigurationIsVisible = 0;
			defaultConfigurationName = Release;
		};
/* End XCConfigurationList section */
	};
	rootObject = 84DFEFCB1A058A7000B537D5 /* Project object */;
}
