// !$*UTF8*$!
{
	archiveVersion = 1;
	classes = {
	};
	objectVersion = 46;
	objects = {

/* Begin PBXBuildFile section */
		8488674019FAF11D00E3CD0D /* main.m in Sources */ = {isa = PBXBuildFile; fileRef = 8488673F19FAF11D00E3CD0D /* main.m */; };
		8488674819FAF14500E3CD0D /* Appliance.m in Sources */ = {isa = PBXBuildFile; fileRef = 8488674719FAF14500E3CD0D /* Appliance.m */; };
		8488674B19FAF47B00E3CD0D /* OwnedAppliance.m in Sources */ = {isa = PBXBuildFile; fileRef = 8488674A19FAF47B00E3CD0D /* OwnedAppliance.m */; };
/* End PBXBuildFile section */

/* Begin PBXCopyFilesBuildPhase section */
		8488673A19FAF11D00E3CD0D /* CopyFiles */ = {
			isa = PBXCopyFilesBuildPhase;
			buildActionMask = 2147483647;
			dstPath = /usr/share/man/man1/;
			dstSubfolderSpec = 0;
			files = (
			);
			runOnlyForDeploymentPostprocessing = 1;
		};
/* End PBXCopyFilesBuildPhase section */

/* Begin PBXFileReference section */
		8488673C19FAF11D00E3CD0D /* Applicances */ = {isa = PBXFileReference; explicitFileType = "compiled.mach-o.executable"; includeInIndex = 0; path = Applicances; sourceTree = BUILT_PRODUCTS_DIR; };
		8488673F19FAF11D00E3CD0D /* main.m */ = {isa = PBXFileReference; lastKnownFileType = sourcecode.c.objc; path = main.m; sourceTree = "<group>"; };
		8488674619FAF14500E3CD0D /* Appliance.h */ = {isa = PBXFileReference; fileEncoding = 4; lastKnownFileType = sourcecode.c.h; path = Appliance.h; sourceTree = "<group>"; };
		8488674719FAF14500E3CD0D /* Appliance.m */ = {isa = PBXFileReference; fileEncoding = 4; lastKnownFileType = sourcecode.c.objc; path = Appliance.m; sourceTree = "<group>"; };
		8488674919FAF47B00E3CD0D /* OwnedAppliance.h */ = {isa = PBXFileReference; fileEncoding = 4; lastKnownFileType = sourcecode.c.h; path = OwnedAppliance.h; sourceTree = "<group>"; };
		8488674A19FAF47B00E3CD0D /* OwnedAppliance.m */ = {isa = PBXFileReference; fileEncoding = 4; lastKnownFileType = sourcecode.c.objc; path = OwnedAppliance.m; sourceTree = "<group>"; };
/* End PBXFileReference section */

/* Begin PBXFrameworksBuildPhase section */
		8488673919FAF11D00E3CD0D /* Frameworks */ = {
			isa = PBXFrameworksBuildPhase;
			buildActionMask = 2147483647;
			files = (
			);
			runOnlyForDeploymentPostprocessing = 0;
		};
/* End PBXFrameworksBuildPhase section */

/* Begin PBXGroup section */
		8488673319FAF11D00E3CD0D = {
			isa = PBXGroup;
			children = (
				8488673E19FAF11D00E3CD0D /* Applicances */,
				8488673D19FAF11D00E3CD0D /* Products */,
			);
			sourceTree = "<group>";
		};
		8488673D19FAF11D00E3CD0D /* Products */ = {
			isa = PBXGroup;
			children = (
				8488673C19FAF11D00E3CD0D /* Applicances */,
			);
			name = Products;
			sourceTree = "<group>";
		};
		8488673E19FAF11D00E3CD0D /* Applicances */ = {
			isa = PBXGroup;
			children = (
				8488673F19FAF11D00E3CD0D /* main.m */,
				8488674619FAF14500E3CD0D /* Appliance.h */,
				8488674719FAF14500E3CD0D /* Appliance.m */,
				8488674919FAF47B00E3CD0D /* OwnedAppliance.h */,
				8488674A19FAF47B00E3CD0D /* OwnedAppliance.m */,
			);
			path = Applicances;
			sourceTree = "<group>";
		};
/* End PBXGroup section */

/* Begin PBXNativeTarget section */
		8488673B19FAF11D00E3CD0D /* Applicances */ = {
			isa = PBXNativeTarget;
			buildConfigurationList = 8488674319FAF11D00E3CD0D /* Build configuration list for PBXNativeTarget "Applicances" */;
			buildPhases = (
				8488673819FAF11D00E3CD0D /* Sources */,
				8488673919FAF11D00E3CD0D /* Frameworks */,
				8488673A19FAF11D00E3CD0D /* CopyFiles */,
			);
			buildRules = (
			);
			dependencies = (
			);
			name = Applicances;
			productName = Applicances;
			productReference = 8488673C19FAF11D00E3CD0D /* Applicances */;
			productType = "com.apple.product-type.tool";
		};
/* End PBXNativeTarget section */

/* Begin PBXProject section */
		8488673419FAF11D00E3CD0D /* Project object */ = {
			isa = PBXProject;
			attributes = {
				LastUpgradeCheck = 0610;
				ORGANIZATIONNAME = JR;
				TargetAttributes = {
					8488673B19FAF11D00E3CD0D = {
						CreatedOnToolsVersion = 6.1;
					};
				};
			};
			buildConfigurationList = 8488673719FAF11D00E3CD0D /* Build configuration list for PBXProject "Applicances" */;
			compatibilityVersion = "Xcode 3.2";
			developmentRegion = English;
			hasScannedForEncodings = 0;
			knownRegions = (
				en,
			);
			mainGroup = 8488673319FAF11D00E3CD0D;
			productRefGroup = 8488673D19FAF11D00E3CD0D /* Products */;
			projectDirPath = "";
			projectRoot = "";
			targets = (
				8488673B19FAF11D00E3CD0D /* Applicances */,
			);
		};
/* End PBXProject section */

/* Begin PBXSourcesBuildPhase section */
		8488673819FAF11D00E3CD0D /* Sources */ = {
			isa = PBXSourcesBuildPhase;
			buildActionMask = 2147483647;
			files = (
				8488674B19FAF47B00E3CD0D /* OwnedAppliance.m in Sources */,
				8488674019FAF11D00E3CD0D /* main.m in Sources */,
				8488674819FAF14500E3CD0D /* Appliance.m in Sources */,
			);
			runOnlyForDeploymentPostprocessing = 0;
		};
/* End PBXSourcesBuildPhase section */

/* Begin XCBuildConfiguration section */
		8488674119FAF11D00E3CD0D /* Debug */ = {
			isa = XCBuildConfiguration;
			buildSettings = {
				ALWAYS_SEARCH_USER_PATHS = NO;
				CLANG_CXX_LANGUAGE_STANDARD = "gnu++0x";
				CLANG_CXX_LIBRARY = "libc++";
				CLANG_ENABLE_MODULES = YES;
				CLANG_ENABLE_OBJC_ARC = YES;
				CLANG_WARN_BOOL_CONVERSION = YES;
				CLANG_WARN_CONSTANT_CONVERSION = YES;
				CLANG_WARN_DIRECT_OBJC_ISA_USAGE = YES_ERROR;
				CLANG_WARN_EMPTY_BODY = YES;
				CLANG_WARN_ENUM_CONVERSION = YES;
				CLANG_WARN_INT_CONVERSION = YES;
				CLANG_WARN_OBJC_ROOT_CLASS = YES_ERROR;
				CLANG_WARN_UNREACHABLE_CODE = YES;
				CLANG_WARN__DUPLICATE_METHOD_MATCH = YES;
				COPY_PHASE_STRIP = NO;
				ENABLE_STRICT_OBJC_MSGSEND = YES;
				GCC_C_LANGUAGE_STANDARD = gnu99;
				GCC_DYNAMIC_NO_PIC = NO;
				GCC_OPTIMIZATION_LEVEL = 0;
				GCC_PREPROCESSOR_DEFINITIONS = (
					"DEBUG=1",
					"$(inherited)",
				);
				GCC_SYMBOLS_PRIVATE_EXTERN = NO;
				GCC_WARN_64_TO_32_BIT_CONVERSION = YES;
				GCC_WARN_ABOUT_RETURN_TYPE = YES_ERROR;
				GCC_WARN_UNDECLARED_SELECTOR = YES;
				GCC_WARN_UNINITIALIZED_AUTOS = YES_AGGRESSIVE;
				GCC_WARN_UNUSED_FUNCTION = YES;
				GCC_WARN_UNUSED_VARIABLE = YES;
				MACOSX_DEPLOYMENT_TARGET = 10.9;
				MTL_ENABLE_DEBUG_INFO = YES;
				ONLY_ACTIVE_ARCH = YES;
				SDKROOT = macosx;
			};
			name = Debug;
		};
		8488674219FAF11D00E3CD0D /* Release */ = {
			isa = XCBuildConfiguration;
			buildSettings = {
				ALWAYS_SEARCH_USER_PATHS = NO;
				CLANG_CXX_LANGUAGE_STANDARD = "gnu++0x";
				CLANG_CXX_LIBRARY = "libc++";
				CLANG_ENABLE_MODULES = YES;
				CLANG_ENABLE_OBJC_ARC = YES;
				CLANG_WARN_BOOL_CONVERSION = YES;
				CLANG_WARN_CONSTANT_CONVERSION = YES;
				CLANG_WARN_DIRECT_OBJC_ISA_USAGE = YES_ERROR;
				CLANG_WARN_EMPTY_BODY = YES;
				CLANG_WARN_ENUM_CONVERSION = YES;
				CLANG_WARN_INT_CONVERSION = YES;
				CLANG_WARN_OBJC_ROOT_CLASS = YES_ERROR;
				CLANG_WARN_UNREACHABLE_CODE = YES;
				CLANG_WARN__DUPLICATE_METHOD_MATCH = YES;
				COPY_PHASE_STRIP = YES;
				DEBUG_INFORMATION_FORMAT = "dwarf-with-dsym";
				ENABLE_NS_ASSERTIONS = NO;
				ENABLE_STRICT_OBJC_MSGSEND = YES;
				GCC_C_LANGUAGE_STANDARD = gnu99;
				GCC_WARN_64_TO_32_BIT_CONVERSION = YES;
				GCC_WARN_ABOUT_RETURN_TYPE = YES_ERROR;
				GCC_WARN_UNDECLARED_SELECTOR = YES;
				GCC_WARN_UNINITIALIZED_AUTOS = YES_AGGRESSIVE;
				GCC_WARN_UNUSED_FUNCTION = YES;
				GCC_WARN_UNUSED_VARIABLE = YES;
				MACOSX_DEPLOYMENT_TARGET = 10.9;
				MTL_ENABLE_DEBUG_INFO = NO;
				SDKROOT = macosx;
			};
			name = Release;
		};
		8488674419FAF11D00E3CD0D /* Debug */ = {
			isa = XCBuildConfiguration;
			buildSettings = {
				PRODUCT_NAME = "$(TARGET_NAME)";
			};
			name = Debug;
		};
		8488674519FAF11D00E3CD0D /* Release */ = {
			isa = XCBuildConfiguration;
			buildSettings = {
				PRODUCT_NAME = "$(TARGET_NAME)";
			};
			name = Release;
		};
/* End XCBuildConfiguration section */

/* Begin XCConfigurationList section */
		8488673719FAF11D00E3CD0D /* Build configuration list for PBXProject "Applicances" */ = {
			isa = XCConfigurationList;
			buildConfigurations = (
				8488674119FAF11D00E3CD0D /* Debug */,
				8488674219FAF11D00E3CD0D /* Release */,
			);
			defaultConfigurationIsVisible = 0;
			defaultConfigurationName = Release;
		};
		8488674319FAF11D00E3CD0D /* Build configuration list for PBXNativeTarget "Applicances" */ = {
			isa = XCConfigurationList;
			buildConfigurations = (
				8488674419FAF11D00E3CD0D /* Debug */,
				8488674519FAF11D00E3CD0D /* Release */,
			);
			defaultConfigurationIsVisible = 0;
		};
/* End XCConfigurationList section */
	};
	rootObject = 8488673419FAF11D00E3CD0D /* Project object */;
}
