// !$*UTF8*$!
{
	archiveVersion = 1;
	classes = {
	};
	objectVersion = 46;
	objects = {

/* Begin PBXBuildFile section */
		8470FF6E1A067F5600C5DCEA /* main.m in Sources */ = {isa = PBXBuildFile; fileRef = 8470FF6D1A067F5600C5DCEA /* main.m */; };
		8470FF711A067F5600C5DCEA /* AppDelegate.m in Sources */ = {isa = PBXBuildFile; fileRef = 8470FF701A067F5600C5DCEA /* AppDelegate.m */; };
		8470FF771A067F5600C5DCEA /* Main.storyboard in Resources */ = {isa = PBXBuildFile; fileRef = 8470FF751A067F5600C5DCEA /* Main.storyboard */; };
		8470FF791A067F5600C5DCEA /* Images.xcassets in Resources */ = {isa = PBXBuildFile; fileRef = 8470FF781A067F5600C5DCEA /* Images.xcassets */; };
		8470FF7C1A067F5600C5DCEA /* LaunchScreen.xib in Resources */ = {isa = PBXBuildFile; fileRef = 8470FF7A1A067F5600C5DCEA /* LaunchScreen.xib */; };
		8470FF881A067F5600C5DCEA /* SegueExampleTests.m in Sources */ = {isa = PBXBuildFile; fileRef = 8470FF871A067F5600C5DCEA /* SegueExampleTests.m */; };
		8470FF931A067FB700C5DCEA /* DetailViewController.m in Sources */ = {isa = PBXBuildFile; fileRef = 8470FF921A067FB700C5DCEA /* DetailViewController.m */; };
		8470FF961A06801900C5DCEA /* MainViewController.m in Sources */ = {isa = PBXBuildFile; fileRef = 8470FF951A06801900C5DCEA /* MainViewController.m */; };
/* End PBXBuildFile section */

/* Begin PBXContainerItemProxy section */
		8470FF821A067F5600C5DCEA /* PBXContainerItemProxy */ = {
			isa = PBXContainerItemProxy;
			containerPortal = 8470FF601A067F5600C5DCEA /* Project object */;
			proxyType = 1;
			remoteGlobalIDString = 8470FF671A067F5600C5DCEA;
			remoteInfo = SegueExample;
		};
/* End PBXContainerItemProxy section */

/* Begin PBXFileReference section */
		8470FF681A067F5600C5DCEA /* SegueExample.app */ = {isa = PBXFileReference; explicitFileType = wrapper.application; includeInIndex = 0; path = SegueExample.app; sourceTree = BUILT_PRODUCTS_DIR; };
		8470FF6C1A067F5600C5DCEA /* Info.plist */ = {isa = PBXFileReference; lastKnownFileType = text.plist.xml; path = Info.plist; sourceTree = "<group>"; };
		8470FF6D1A067F5600C5DCEA /* main.m */ = {isa = PBXFileReference; lastKnownFileType = sourcecode.c.objc; path = main.m; sourceTree = "<group>"; };
		8470FF6F1A067F5600C5DCEA /* AppDelegate.h */ = {isa = PBXFileReference; lastKnownFileType = sourcecode.c.h; path = AppDelegate.h; sourceTree = "<group>"; };
		8470FF701A067F5600C5DCEA /* AppDelegate.m */ = {isa = PBXFileReference; lastKnownFileType = sourcecode.c.objc; path = AppDelegate.m; sourceTree = "<group>"; };
		8470FF761A067F5600C5DCEA /* Base */ = {isa = PBXFileReference; lastKnownFileType = file.storyboard; name = Base; path = Base.lproj/Main.storyboard; sourceTree = "<group>"; };
		8470FF781A067F5600C5DCEA /* Images.xcassets */ = {isa = PBXFileReference; lastKnownFileType = folder.assetcatalog; path = Images.xcassets; sourceTree = "<group>"; };
		8470FF7B1A067F5600C5DCEA /* Base */ = {isa = PBXFileReference; lastKnownFileType = file.xib; name = Base; path = Base.lproj/LaunchScreen.xib; sourceTree = "<group>"; };
		8470FF811A067F5600C5DCEA /* SegueExampleTests.xctest */ = {isa = PBXFileReference; explicitFileType = wrapper.cfbundle; includeInIndex = 0; path = SegueExampleTests.xctest; sourceTree = BUILT_PRODUCTS_DIR; };
		8470FF861A067F5600C5DCEA /* Info.plist */ = {isa = PBXFileReference; lastKnownFileType = text.plist.xml; path = Info.plist; sourceTree = "<group>"; };
		8470FF871A067F5600C5DCEA /* SegueExampleTests.m */ = {isa = PBXFileReference; lastKnownFileType = sourcecode.c.objc; path = SegueExampleTests.m; sourceTree = "<group>"; };
		8470FF911A067FB700C5DCEA /* DetailViewController.h */ = {isa = PBXFileReference; fileEncoding = 4; lastKnownFileType = sourcecode.c.h; path = DetailViewController.h; sourceTree = "<group>"; };
		8470FF921A067FB700C5DCEA /* DetailViewController.m */ = {isa = PBXFileReference; fileEncoding = 4; lastKnownFileType = sourcecode.c.objc; path = DetailViewController.m; sourceTree = "<group>"; };
		8470FF941A06801900C5DCEA /* MainViewController.h */ = {isa = PBXFileReference; fileEncoding = 4; lastKnownFileType = sourcecode.c.h; path = MainViewController.h; sourceTree = "<group>"; };
		8470FF951A06801900C5DCEA /* MainViewController.m */ = {isa = PBXFileReference; fileEncoding = 4; lastKnownFileType = sourcecode.c.objc; path = MainViewController.m; sourceTree = "<group>"; };
/* End PBXFileReference section */

/* Begin PBXFrameworksBuildPhase section */
		8470FF651A067F5600C5DCEA /* Frameworks */ = {
			isa = PBXFrameworksBuildPhase;
			buildActionMask = 2147483647;
			files = (
			);
			runOnlyForDeploymentPostprocessing = 0;
		};
		8470FF7E1A067F5600C5DCEA /* Frameworks */ = {
			isa = PBXFrameworksBuildPhase;
			buildActionMask = 2147483647;
			files = (
			);
			runOnlyForDeploymentPostprocessing = 0;
		};
/* End PBXFrameworksBuildPhase section */

/* Begin PBXGroup section */
		8470FF5F1A067F5600C5DCEA = {
			isa = PBXGroup;
			children = (
				8470FF6A1A067F5600C5DCEA /* SegueExample */,
				8470FF841A067F5600C5DCEA /* SegueExampleTests */,
				8470FF691A067F5600C5DCEA /* Products */,
			);
			sourceTree = "<group>";
		};
		8470FF691A067F5600C5DCEA /* Products */ = {
			isa = PBXGroup;
			children = (
				8470FF681A067F5600C5DCEA /* SegueExample.app */,
				8470FF811A067F5600C5DCEA /* SegueExampleTests.xctest */,
			);
			name = Products;
			sourceTree = "<group>";
		};
		8470FF6A1A067F5600C5DCEA /* SegueExample */ = {
			isa = PBXGroup;
			children = (
				8470FF941A06801900C5DCEA /* MainViewController.h */,
				8470FF951A06801900C5DCEA /* MainViewController.m */,
				8470FF911A067FB700C5DCEA /* DetailViewController.h */,
				8470FF921A067FB700C5DCEA /* DetailViewController.m */,
				8470FF751A067F5600C5DCEA /* Main.storyboard */,
				8470FF781A067F5600C5DCEA /* Images.xcassets */,
				8470FF7A1A067F5600C5DCEA /* LaunchScreen.xib */,
				8470FF6B1A067F5600C5DCEA /* Supporting Files */,
			);
			path = SegueExample;
			sourceTree = "<group>";
		};
		8470FF6B1A067F5600C5DCEA /* Supporting Files */ = {
			isa = PBXGroup;
			children = (
				8470FF6F1A067F5600C5DCEA /* AppDelegate.h */,
				8470FF701A067F5600C5DCEA /* AppDelegate.m */,
				8470FF6C1A067F5600C5DCEA /* Info.plist */,
				8470FF6D1A067F5600C5DCEA /* main.m */,
			);
			name = "Supporting Files";
			sourceTree = "<group>";
		};
		8470FF841A067F5600C5DCEA /* SegueExampleTests */ = {
			isa = PBXGroup;
			children = (
				8470FF871A067F5600C5DCEA /* SegueExampleTests.m */,
				8470FF851A067F5600C5DCEA /* Supporting Files */,
			);
			path = SegueExampleTests;
			sourceTree = "<group>";
		};
		8470FF851A067F5600C5DCEA /* Supporting Files */ = {
			isa = PBXGroup;
			children = (
				8470FF861A067F5600C5DCEA /* Info.plist */,
			);
			name = "Supporting Files";
			sourceTree = "<group>";
		};
/* End PBXGroup section */

/* Begin PBXNativeTarget section */
		8470FF671A067F5600C5DCEA /* SegueExample */ = {
			isa = PBXNativeTarget;
			buildConfigurationList = 8470FF8B1A067F5600C5DCEA /* Build configuration list for PBXNativeTarget "SegueExample" */;
			buildPhases = (
				8470FF641A067F5600C5DCEA /* Sources */,
				8470FF651A067F5600C5DCEA /* Frameworks */,
				8470FF661A067F5600C5DCEA /* Resources */,
			);
			buildRules = (
			);
			dependencies = (
			);
			name = SegueExample;
			productName = SegueExample;
			productReference = 8470FF681A067F5600C5DCEA /* SegueExample.app */;
			productType = "com.apple.product-type.application";
		};
		8470FF801A067F5600C5DCEA /* SegueExampleTests */ = {
			isa = PBXNativeTarget;
			buildConfigurationList = 8470FF8E1A067F5600C5DCEA /* Build configuration list for PBXNativeTarget "SegueExampleTests" */;
			buildPhases = (
				8470FF7D1A067F5600C5DCEA /* Sources */,
				8470FF7E1A067F5600C5DCEA /* Frameworks */,
				8470FF7F1A067F5600C5DCEA /* Resources */,
			);
			buildRules = (
			);
			dependencies = (
				8470FF831A067F5600C5DCEA /* PBXTargetDependency */,
			);
			name = SegueExampleTests;
			productName = SegueExampleTests;
			productReference = 8470FF811A067F5600C5DCEA /* SegueExampleTests.xctest */;
			productType = "com.apple.product-type.bundle.unit-test";
		};
/* End PBXNativeTarget section */

/* Begin PBXProject section */
		8470FF601A067F5600C5DCEA /* Project object */ = {
			isa = PBXProject;
			attributes = {
				LastUpgradeCheck = 0610;
				ORGANIZATIONNAME = JR;
				TargetAttributes = {
					8470FF671A067F5600C5DCEA = {
						CreatedOnToolsVersion = 6.1;
					};
					8470FF801A067F5600C5DCEA = {
						CreatedOnToolsVersion = 6.1;
						TestTargetID = 8470FF671A067F5600C5DCEA;
					};
				};
			};
			buildConfigurationList = 8470FF631A067F5600C5DCEA /* Build configuration list for PBXProject "SegueExample" */;
			compatibilityVersion = "Xcode 3.2";
			developmentRegion = English;
			hasScannedForEncodings = 0;
			knownRegions = (
				en,
				Base,
			);
			mainGroup = 8470FF5F1A067F5600C5DCEA;
			productRefGroup = 8470FF691A067F5600C5DCEA /* Products */;
			projectDirPath = "";
			projectRoot = "";
			targets = (
				8470FF671A067F5600C5DCEA /* SegueExample */,
				8470FF801A067F5600C5DCEA /* SegueExampleTests */,
			);
		};
/* End PBXProject section */

/* Begin PBXResourcesBuildPhase section */
		8470FF661A067F5600C5DCEA /* Resources */ = {
			isa = PBXResourcesBuildPhase;
			buildActionMask = 2147483647;
			files = (
				8470FF771A067F5600C5DCEA /* Main.storyboard in Resources */,
				8470FF7C1A067F5600C5DCEA /* LaunchScreen.xib in Resources */,
				8470FF791A067F5600C5DCEA /* Images.xcassets in Resources */,
			);
			runOnlyForDeploymentPostprocessing = 0;
		};
		8470FF7F1A067F5600C5DCEA /* Resources */ = {
			isa = PBXResourcesBuildPhase;
			buildActionMask = 2147483647;
			files = (
			);
			runOnlyForDeploymentPostprocessing = 0;
		};
/* End PBXResourcesBuildPhase section */

/* Begin PBXSourcesBuildPhase section */
		8470FF641A067F5600C5DCEA /* Sources */ = {
			isa = PBXSourcesBuildPhase;
			buildActionMask = 2147483647;
			files = (
				8470FF711A067F5600C5DCEA /* AppDelegate.m in Sources */,
				8470FF6E1A067F5600C5DCEA /* main.m in Sources */,
				8470FF931A067FB700C5DCEA /* DetailViewController.m in Sources */,
				8470FF961A06801900C5DCEA /* MainViewController.m in Sources */,
			);
			runOnlyForDeploymentPostprocessing = 0;
		};
		8470FF7D1A067F5600C5DCEA /* Sources */ = {
			isa = PBXSourcesBuildPhase;
			buildActionMask = 2147483647;
			files = (
				8470FF881A067F5600C5DCEA /* SegueExampleTests.m in Sources */,
			);
			runOnlyForDeploymentPostprocessing = 0;
		};
/* End PBXSourcesBuildPhase section */

/* Begin PBXTargetDependency section */
		8470FF831A067F5600C5DCEA /* PBXTargetDependency */ = {
			isa = PBXTargetDependency;
			target = 8470FF671A067F5600C5DCEA /* SegueExample */;
			targetProxy = 8470FF821A067F5600C5DCEA /* PBXContainerItemProxy */;
		};
/* End PBXTargetDependency section */

/* Begin PBXVariantGroup section */
		8470FF751A067F5600C5DCEA /* Main.storyboard */ = {
			isa = PBXVariantGroup;
			children = (
				8470FF761A067F5600C5DCEA /* Base */,
			);
			name = Main.storyboard;
			sourceTree = "<group>";
		};
		8470FF7A1A067F5600C5DCEA /* LaunchScreen.xib */ = {
			isa = PBXVariantGroup;
			children = (
				8470FF7B1A067F5600C5DCEA /* Base */,
			);
			name = LaunchScreen.xib;
			sourceTree = "<group>";
		};
/* End PBXVariantGroup section */

/* Begin XCBuildConfiguration section */
		8470FF891A067F5600C5DCEA /* Debug */ = {
			isa = XCBuildConfiguration;
			buildSettings = {
				ALWAYS_SEARCH_USER_PATHS = NO;
				CLANG_CXX_LANGUAGE_STANDARD = "gnu++0x";
				CLANG_CXX_LIBRARY = "libc++";
				CLANG_ENABLE_MODULES = YES;
				CLANG_ENABLE_OBJC_ARC = YES;
				CLANG_WARN_BOOL_CONVERSION = YES;
				CLANG_WARN_CONSTANT_CONVERSION = YES;
				CLANG_WARN_DIRECT_OBJC_ISA_USAGE = YES_ERROR;
				CLANG_WARN_EMPTY_BODY = YES;
				CLANG_WARN_ENUM_CONVERSION = YES;
				CLANG_WARN_INT_CONVERSION = YES;
				CLANG_WARN_OBJC_ROOT_CLASS = YES_ERROR;
				CLANG_WARN_UNREACHABLE_CODE = YES;
				CLANG_WARN__DUPLICATE_METHOD_MATCH = YES;
				"CODE_SIGN_IDENTITY[sdk=iphoneos*]" = "iPhone Developer";
				COPY_PHASE_STRIP = NO;
				ENABLE_STRICT_OBJC_MSGSEND = YES;
				GCC_C_LANGUAGE_STANDARD = gnu99;
				GCC_DYNAMIC_NO_PIC = NO;
				GCC_OPTIMIZATION_LEVEL = 0;
				GCC_PREPROCESSOR_DEFINITIONS = (
					"DEBUG=1",
					"$(inherited)",
				);
				GCC_SYMBOLS_PRIVATE_EXTERN = NO;
				GCC_WARN_64_TO_32_BIT_CONVERSION = YES;
				GCC_WARN_ABOUT_RETURN_TYPE = YES_ERROR;
				GCC_WARN_UNDECLARED_SELECTOR = YES;
				GCC_WARN_UNINITIALIZED_AUTOS = YES_AGGRESSIVE;
				GCC_WARN_UNUSED_FUNCTION = YES;
				GCC_WARN_UNUSED_VARIABLE = YES;
				IPHONEOS_DEPLOYMENT_TARGET = 8.1;
				MTL_ENABLE_DEBUG_INFO = YES;
				ONLY_ACTIVE_ARCH = YES;
				SDKROOT = iphoneos;
			};
			name = Debug;
		};
		8470FF8A1A067F5600C5DCEA /* Release */ = {
			isa = XCBuildConfiguration;
			buildSettings = {
				ALWAYS_SEARCH_USER_PATHS = NO;
				CLANG_CXX_LANGUAGE_STANDARD = "gnu++0x";
				CLANG_CXX_LIBRARY = "libc++";
				CLANG_ENABLE_MODULES = YES;
				CLANG_ENABLE_OBJC_ARC = YES;
				CLANG_WARN_BOOL_CONVERSION = YES;
				CLANG_WARN_CONSTANT_CONVERSION = YES;
				CLANG_WARN_DIRECT_OBJC_ISA_USAGE = YES_ERROR;
				CLANG_WARN_EMPTY_BODY = YES;
				CLANG_WARN_ENUM_CONVERSION = YES;
				CLANG_WARN_INT_CONVERSION = YES;
				CLANG_WARN_OBJC_ROOT_CLASS = YES_ERROR;
				CLANG_WARN_UNREACHABLE_CODE = YES;
				CLANG_WARN__DUPLICATE_METHOD_MATCH = YES;
				"CODE_SIGN_IDENTITY[sdk=iphoneos*]" = "iPhone Developer";
				COPY_PHASE_STRIP = YES;
				ENABLE_NS_ASSERTIONS = NO;
				ENABLE_STRICT_OBJC_MSGSEND = YES;
				GCC_C_LANGUAGE_STANDARD = gnu99;
				GCC_WARN_64_TO_32_BIT_CONVERSION = YES;
				GCC_WARN_ABOUT_RETURN_TYPE = YES_ERROR;
				GCC_WARN_UNDECLARED_SELECTOR = YES;
				GCC_WARN_UNINITIALIZED_AUTOS = YES_AGGRESSIVE;
				GCC_WARN_UNUSED_FUNCTION = YES;
				GCC_WARN_UNUSED_VARIABLE = YES;
				IPHONEOS_DEPLOYMENT_TARGET = 8.1;
				MTL_ENABLE_DEBUG_INFO = NO;
				SDKROOT = iphoneos;
				VALIDATE_PRODUCT = YES;
			};
			name = Release;
		};
		8470FF8C1A067F5600C5DCEA /* Debug */ = {
			isa = XCBuildConfiguration;
			buildSettings = {
				ASSETCATALOG_COMPILER_APPICON_NAME = AppIcon;
				INFOPLIST_FILE = SegueExample/Info.plist;
				LD_RUNPATH_SEARCH_PATHS = "$(inherited) @executable_path/Frameworks";
				PRODUCT_NAME = "$(TARGET_NAME)";
			};
			name = Debug;
		};
		8470FF8D1A067F5600C5DCEA /* Release */ = {
			isa = XCBuildConfiguration;
			buildSettings = {
				ASSETCATALOG_COMPILER_APPICON_NAME = AppIcon;
				INFOPLIST_FILE = SegueExample/Info.plist;
				LD_RUNPATH_SEARCH_PATHS = "$(inherited) @executable_path/Frameworks";
				PRODUCT_NAME = "$(TARGET_NAME)";
			};
			name = Release;
		};
		8470FF8F1A067F5600C5DCEA /* Debug */ = {
			isa = XCBuildConfiguration;
			buildSettings = {
				BUNDLE_LOADER = "$(TEST_HOST)";
				FRAMEWORK_SEARCH_PATHS = (
					"$(SDKROOT)/Developer/Library/Frameworks",
					"$(inherited)",
				);
				GCC_PREPROCESSOR_DEFINITIONS = (
					"DEBUG=1",
					"$(inherited)",
				);
				INFOPLIST_FILE = SegueExampleTests/Info.plist;
				LD_RUNPATH_SEARCH_PATHS = "$(inherited) @executable_path/Frameworks @loader_path/Frameworks";
				PRODUCT_NAME = "$(TARGET_NAME)";
				TEST_HOST = "$(BUILT_PRODUCTS_DIR)/SegueExample.app/SegueExample";
			};
			name = Debug;
		};
		8470FF901A067F5600C5DCEA /* Release */ = {
			isa = XCBuildConfiguration;
			buildSettings = {
				BUNDLE_LOADER = "$(TEST_HOST)";
				FRAMEWORK_SEARCH_PATHS = (
					"$(SDKROOT)/Developer/Library/Frameworks",
					"$(inherited)",
				);
				INFOPLIST_FILE = SegueExampleTests/Info.plist;
				LD_RUNPATH_SEARCH_PATHS = "$(inherited) @executable_path/Frameworks @loader_path/Frameworks";
				PRODUCT_NAME = "$(TARGET_NAME)";
				TEST_HOST = "$(BUILT_PRODUCTS_DIR)/SegueExample.app/SegueExample";
			};
			name = Release;
		};
/* End XCBuildConfiguration section */

/* Begin XCConfigurationList section */
		8470FF631A067F5600C5DCEA /* Build configuration list for PBXProject "SegueExample" */ = {
			isa = XCConfigurationList;
			buildConfigurations = (
				8470FF891A067F5600C5DCEA /* Debug */,
				8470FF8A1A067F5600C5DCEA /* Release */,
			);
			defaultConfigurationIsVisible = 0;
			defaultConfigurationName = Release;
		};
		8470FF8B1A067F5600C5DCEA /* Build configuration list for PBXNativeTarget "SegueExample" */ = {
			isa = XCConfigurationList;
			buildConfigurations = (
				8470FF8C1A067F5600C5DCEA /* Debug */,
				8470FF8D1A067F5600C5DCEA /* Release */,
			);
			defaultConfigurationIsVisible = 0;
		};
		8470FF8E1A067F5600C5DCEA /* Build configuration list for PBXNativeTarget "SegueExampleTests" */ = {
			isa = XCConfigurationList;
			buildConfigurations = (
				8470FF8F1A067F5600C5DCEA /* Debug */,
				8470FF901A067F5600C5DCEA /* Release */,
			);
			defaultConfigurationIsVisible = 0;
		};
/* End XCConfigurationList section */
	};
	rootObject = 8470FF601A067F5600C5DCEA /* Project object */;
}
