// !$*UTF8*$!
{
	archiveVersion = 1;
	classes = {
	};
	objectVersion = 46;
	objects = {

/* Begin PBXBuildFile section */
		84D3869B1A043F3D00ABCFC8 /* main.m in Sources */ = {isa = PBXBuildFile; fileRef = 84D3869A1A043F3D00ABCFC8 /* main.m */; };
		84D3869E1A043F3D00ABCFC8 /* AppDelegate.m in Sources */ = {isa = PBXBuildFile; fileRef = 84D3869D1A043F3D00ABCFC8 /* AppDelegate.m */; };
		84D386A11A043F3D00ABCFC8 /* ViewController.m in Sources */ = {isa = PBXBuildFile; fileRef = 84D386A01A043F3D00ABCFC8 /* ViewController.m */; };
		84D386A41A043F3D00ABCFC8 /* Main.storyboard in Resources */ = {isa = PBXBuildFile; fileRef = 84D386A21A043F3D00ABCFC8 /* Main.storyboard */; };
		84D386A61A043F3D00ABCFC8 /* Images.xcassets in Resources */ = {isa = PBXBuildFile; fileRef = 84D386A51A043F3D00ABCFC8 /* Images.xcassets */; };
		84D386A91A043F3D00ABCFC8 /* LaunchScreen.xib in Resources */ = {isa = PBXBuildFile; fileRef = 84D386A71A043F3D00ABCFC8 /* LaunchScreen.xib */; };
		84D386B51A043F3D00ABCFC8 /* AgeOfLaikaTests.m in Sources */ = {isa = PBXBuildFile; fileRef = 84D386B41A043F3D00ABCFC8 /* AgeOfLaikaTests.m */; };
		84D386BF1A04424F00ABCFC8 /* laikastamp-606x376.jpg in Resources */ = {isa = PBXBuildFile; fileRef = 84D386BE1A04424F00ABCFC8 /* laikastamp-606x376.jpg */; };
/* End PBXBuildFile section */

/* Begin PBXContainerItemProxy section */
		84D386AF1A043F3D00ABCFC8 /* PBXContainerItemProxy */ = {
			isa = PBXContainerItemProxy;
			containerPortal = 84D3868D1A043F3D00ABCFC8 /* Project object */;
			proxyType = 1;
			remoteGlobalIDString = 84D386941A043F3D00ABCFC8;
			remoteInfo = AgeOfLaika;
		};
/* End PBXContainerItemProxy section */

/* Begin PBXFileReference section */
		84D386951A043F3D00ABCFC8 /* AgeOfLaika.app */ = {isa = PBXFileReference; explicitFileType = wrapper.application; includeInIndex = 0; path = AgeOfLaika.app; sourceTree = BUILT_PRODUCTS_DIR; };
		84D386991A043F3D00ABCFC8 /* Info.plist */ = {isa = PBXFileReference; lastKnownFileType = text.plist.xml; path = Info.plist; sourceTree = "<group>"; };
		84D3869A1A043F3D00ABCFC8 /* main.m */ = {isa = PBXFileReference; lastKnownFileType = sourcecode.c.objc; path = main.m; sourceTree = "<group>"; };
		84D3869C1A043F3D00ABCFC8 /* AppDelegate.h */ = {isa = PBXFileReference; lastKnownFileType = sourcecode.c.h; path = AppDelegate.h; sourceTree = "<group>"; };
		84D3869D1A043F3D00ABCFC8 /* AppDelegate.m */ = {isa = PBXFileReference; lastKnownFileType = sourcecode.c.objc; path = AppDelegate.m; sourceTree = "<group>"; };
		84D3869F1A043F3D00ABCFC8 /* ViewController.h */ = {isa = PBXFileReference; lastKnownFileType = sourcecode.c.h; path = ViewController.h; sourceTree = "<group>"; };
		84D386A01A043F3D00ABCFC8 /* ViewController.m */ = {isa = PBXFileReference; lastKnownFileType = sourcecode.c.objc; path = ViewController.m; sourceTree = "<group>"; };
		84D386A31A043F3D00ABCFC8 /* Base */ = {isa = PBXFileReference; lastKnownFileType = file.storyboard; name = Base; path = Base.lproj/Main.storyboard; sourceTree = "<group>"; };
		84D386A51A043F3D00ABCFC8 /* Images.xcassets */ = {isa = PBXFileReference; lastKnownFileType = folder.assetcatalog; path = Images.xcassets; sourceTree = "<group>"; };
		84D386A81A043F3D00ABCFC8 /* Base */ = {isa = PBXFileReference; lastKnownFileType = file.xib; name = Base; path = Base.lproj/LaunchScreen.xib; sourceTree = "<group>"; };
		84D386AE1A043F3D00ABCFC8 /* AgeOfLaikaTests.xctest */ = {isa = PBXFileReference; explicitFileType = wrapper.cfbundle; includeInIndex = 0; path = AgeOfLaikaTests.xctest; sourceTree = BUILT_PRODUCTS_DIR; };
		84D386B31A043F3D00ABCFC8 /* Info.plist */ = {isa = PBXFileReference; lastKnownFileType = text.plist.xml; path = Info.plist; sourceTree = "<group>"; };
		84D386B41A043F3D00ABCFC8 /* AgeOfLaikaTests.m */ = {isa = PBXFileReference; lastKnownFileType = sourcecode.c.objc; path = AgeOfLaikaTests.m; sourceTree = "<group>"; };
		84D386BE1A04424F00ABCFC8 /* laikastamp-606x376.jpg */ = {isa = PBXFileReference; lastKnownFileType = image.jpeg; path = "laikastamp-606x376.jpg"; sourceTree = "<group>"; };
/* End PBXFileReference section */

/* Begin PBXFrameworksBuildPhase section */
		84D386921A043F3D00ABCFC8 /* Frameworks */ = {
			isa = PBXFrameworksBuildPhase;
			buildActionMask = 2147483647;
			files = (
			);
			runOnlyForDeploymentPostprocessing = 0;
		};
		84D386AB1A043F3D00ABCFC8 /* Frameworks */ = {
			isa = PBXFrameworksBuildPhase;
			buildActionMask = 2147483647;
			files = (
			);
			runOnlyForDeploymentPostprocessing = 0;
		};
/* End PBXFrameworksBuildPhase section */

/* Begin PBXGroup section */
		84D3868C1A043F3D00ABCFC8 = {
			isa = PBXGroup;
			children = (
				84D386971A043F3D00ABCFC8 /* AgeOfLaika */,
				84D386B11A043F3D00ABCFC8 /* AgeOfLaikaTests */,
				84D386961A043F3D00ABCFC8 /* Products */,
			);
			sourceTree = "<group>";
		};
		84D386961A043F3D00ABCFC8 /* Products */ = {
			isa = PBXGroup;
			children = (
				84D386951A043F3D00ABCFC8 /* AgeOfLaika.app */,
				84D386AE1A043F3D00ABCFC8 /* AgeOfLaikaTests.xctest */,
			);
			name = Products;
			sourceTree = "<group>";
		};
		84D386971A043F3D00ABCFC8 /* AgeOfLaika */ = {
			isa = PBXGroup;
			children = (
				84D3869C1A043F3D00ABCFC8 /* AppDelegate.h */,
				84D3869D1A043F3D00ABCFC8 /* AppDelegate.m */,
				84D3869F1A043F3D00ABCFC8 /* ViewController.h */,
				84D386A01A043F3D00ABCFC8 /* ViewController.m */,
				84D386A21A043F3D00ABCFC8 /* Main.storyboard */,
				84D386A51A043F3D00ABCFC8 /* Images.xcassets */,
				84D386A71A043F3D00ABCFC8 /* LaunchScreen.xib */,
				84D386981A043F3D00ABCFC8 /* Supporting Files */,
			);
			path = AgeOfLaika;
			sourceTree = "<group>";
		};
		84D386981A043F3D00ABCFC8 /* Supporting Files */ = {
			isa = PBXGroup;
			children = (
				84D386BE1A04424F00ABCFC8 /* laikastamp-606x376.jpg */,
				84D386991A043F3D00ABCFC8 /* Info.plist */,
				84D3869A1A043F3D00ABCFC8 /* main.m */,
			);
			name = "Supporting Files";
			sourceTree = "<group>";
		};
		84D386B11A043F3D00ABCFC8 /* AgeOfLaikaTests */ = {
			isa = PBXGroup;
			children = (
				84D386B41A043F3D00ABCFC8 /* AgeOfLaikaTests.m */,
				84D386B21A043F3D00ABCFC8 /* Supporting Files */,
			);
			path = AgeOfLaikaTests;
			sourceTree = "<group>";
		};
		84D386B21A043F3D00ABCFC8 /* Supporting Files */ = {
			isa = PBXGroup;
			children = (
				84D386B31A043F3D00ABCFC8 /* Info.plist */,
			);
			name = "Supporting Files";
			sourceTree = "<group>";
		};
/* End PBXGroup section */

/* Begin PBXNativeTarget section */
		84D386941A043F3D00ABCFC8 /* AgeOfLaika */ = {
			isa = PBXNativeTarget;
			buildConfigurationList = 84D386B81A043F3D00ABCFC8 /* Build configuration list for PBXNativeTarget "AgeOfLaika" */;
			buildPhases = (
				84D386911A043F3D00ABCFC8 /* Sources */,
				84D386921A043F3D00ABCFC8 /* Frameworks */,
				84D386931A043F3D00ABCFC8 /* Resources */,
			);
			buildRules = (
			);
			dependencies = (
			);
			name = AgeOfLaika;
			productName = AgeOfLaika;
			productReference = 84D386951A043F3D00ABCFC8 /* AgeOfLaika.app */;
			productType = "com.apple.product-type.application";
		};
		84D386AD1A043F3D00ABCFC8 /* AgeOfLaikaTests */ = {
			isa = PBXNativeTarget;
			buildConfigurationList = 84D386BB1A043F3D00ABCFC8 /* Build configuration list for PBXNativeTarget "AgeOfLaikaTests" */;
			buildPhases = (
				84D386AA1A043F3D00ABCFC8 /* Sources */,
				84D386AB1A043F3D00ABCFC8 /* Frameworks */,
				84D386AC1A043F3D00ABCFC8 /* Resources */,
			);
			buildRules = (
			);
			dependencies = (
				84D386B01A043F3D00ABCFC8 /* PBXTargetDependency */,
			);
			name = AgeOfLaikaTests;
			productName = AgeOfLaikaTests;
			productReference = 84D386AE1A043F3D00ABCFC8 /* AgeOfLaikaTests.xctest */;
			productType = "com.apple.product-type.bundle.unit-test";
		};
/* End PBXNativeTarget section */

/* Begin PBXProject section */
		84D3868D1A043F3D00ABCFC8 /* Project object */ = {
			isa = PBXProject;
			attributes = {
				LastUpgradeCheck = 0610;
				ORGANIZATIONNAME = JR;
				TargetAttributes = {
					84D386941A043F3D00ABCFC8 = {
						CreatedOnToolsVersion = 6.1;
					};
					84D386AD1A043F3D00ABCFC8 = {
						CreatedOnToolsVersion = 6.1;
						TestTargetID = 84D386941A043F3D00ABCFC8;
					};
				};
			};
			buildConfigurationList = 84D386901A043F3D00ABCFC8 /* Build configuration list for PBXProject "AgeOfLaika" */;
			compatibilityVersion = "Xcode 3.2";
			developmentRegion = English;
			hasScannedForEncodings = 0;
			knownRegions = (
				en,
				Base,
			);
			mainGroup = 84D3868C1A043F3D00ABCFC8;
			productRefGroup = 84D386961A043F3D00ABCFC8 /* Products */;
			projectDirPath = "";
			projectRoot = "";
			targets = (
				84D386941A043F3D00ABCFC8 /* AgeOfLaika */,
				84D386AD1A043F3D00ABCFC8 /* AgeOfLaikaTests */,
			);
		};
/* End PBXProject section */

/* Begin PBXResourcesBuildPhase section */
		84D386931A043F3D00ABCFC8 /* Resources */ = {
			isa = PBXResourcesBuildPhase;
			buildActionMask = 2147483647;
			files = (
				84D386A41A043F3D00ABCFC8 /* Main.storyboard in Resources */,
				84D386BF1A04424F00ABCFC8 /* laikastamp-606x376.jpg in Resources */,
				84D386A91A043F3D00ABCFC8 /* LaunchScreen.xib in Resources */,
				84D386A61A043F3D00ABCFC8 /* Images.xcassets in Resources */,
			);
			runOnlyForDeploymentPostprocessing = 0;
		};
		84D386AC1A043F3D00ABCFC8 /* Resources */ = {
			isa = PBXResourcesBuildPhase;
			buildActionMask = 2147483647;
			files = (
			);
			runOnlyForDeploymentPostprocessing = 0;
		};
/* End PBXResourcesBuildPhase section */

/* Begin PBXSourcesBuildPhase section */
		84D386911A043F3D00ABCFC8 /* Sources */ = {
			isa = PBXSourcesBuildPhase;
			buildActionMask = 2147483647;
			files = (
				84D386A11A043F3D00ABCFC8 /* ViewController.m in Sources */,
				84D3869E1A043F3D00ABCFC8 /* AppDelegate.m in Sources */,
				84D3869B1A043F3D00ABCFC8 /* main.m in Sources */,
			);
			runOnlyForDeploymentPostprocessing = 0;
		};
		84D386AA1A043F3D00ABCFC8 /* Sources */ = {
			isa = PBXSourcesBuildPhase;
			buildActionMask = 2147483647;
			files = (
				84D386B51A043F3D00ABCFC8 /* AgeOfLaikaTests.m in Sources */,
			);
			runOnlyForDeploymentPostprocessing = 0;
		};
/* End PBXSourcesBuildPhase section */

/* Begin PBXTargetDependency section */
		84D386B01A043F3D00ABCFC8 /* PBXTargetDependency */ = {
			isa = PBXTargetDependency;
			target = 84D386941A043F3D00ABCFC8 /* AgeOfLaika */;
			targetProxy = 84D386AF1A043F3D00ABCFC8 /* PBXContainerItemProxy */;
		};
/* End PBXTargetDependency section */

/* Begin PBXVariantGroup section */
		84D386A21A043F3D00ABCFC8 /* Main.storyboard */ = {
			isa = PBXVariantGroup;
			children = (
				84D386A31A043F3D00ABCFC8 /* Base */,
			);
			name = Main.storyboard;
			sourceTree = "<group>";
		};
		84D386A71A043F3D00ABCFC8 /* LaunchScreen.xib */ = {
			isa = PBXVariantGroup;
			children = (
				84D386A81A043F3D00ABCFC8 /* Base */,
			);
			name = LaunchScreen.xib;
			sourceTree = "<group>";
		};
/* End PBXVariantGroup section */

/* Begin XCBuildConfiguration section */
		84D386B61A043F3D00ABCFC8 /* Debug */ = {
			isa = XCBuildConfiguration;
			buildSettings = {
				ALWAYS_SEARCH_USER_PATHS = NO;
				CLANG_CXX_LANGUAGE_STANDARD = "gnu++0x";
				CLANG_CXX_LIBRARY = "libc++";
				CLANG_ENABLE_MODULES = YES;
				CLANG_ENABLE_OBJC_ARC = YES;
				CLANG_WARN_BOOL_CONVERSION = YES;
				CLANG_WARN_CONSTANT_CONVERSION = YES;
				CLANG_WARN_DIRECT_OBJC_ISA_USAGE = YES_ERROR;
				CLANG_WARN_EMPTY_BODY = YES;
				CLANG_WARN_ENUM_CONVERSION = YES;
				CLANG_WARN_INT_CONVERSION = YES;
				CLANG_WARN_OBJC_ROOT_CLASS = YES_ERROR;
				CLANG_WARN_UNREACHABLE_CODE = YES;
				CLANG_WARN__DUPLICATE_METHOD_MATCH = YES;
				"CODE_SIGN_IDENTITY[sdk=iphoneos*]" = "iPhone Developer";
				COPY_PHASE_STRIP = NO;
				ENABLE_STRICT_OBJC_MSGSEND = YES;
				GCC_C_LANGUAGE_STANDARD = gnu99;
				GCC_DYNAMIC_NO_PIC = NO;
				GCC_OPTIMIZATION_LEVEL = 0;
				GCC_PREPROCESSOR_DEFINITIONS = (
					"DEBUG=1",
					"$(inherited)",
				);
				GCC_SYMBOLS_PRIVATE_EXTERN = NO;
				GCC_WARN_64_TO_32_BIT_CONVERSION = YES;
				GCC_WARN_ABOUT_RETURN_TYPE = YES_ERROR;
				GCC_WARN_UNDECLARED_SELECTOR = YES;
				GCC_WARN_UNINITIALIZED_AUTOS = YES_AGGRESSIVE;
				GCC_WARN_UNUSED_FUNCTION = YES;
				GCC_WARN_UNUSED_VARIABLE = YES;
				IPHONEOS_DEPLOYMENT_TARGET = 8.1;
				MTL_ENABLE_DEBUG_INFO = YES;
				ONLY_ACTIVE_ARCH = YES;
				SDKROOT = iphoneos;
			};
			name = Debug;
		};
		84D386B71A043F3D00ABCFC8 /* Release */ = {
			isa = XCBuildConfiguration;
			buildSettings = {
				ALWAYS_SEARCH_USER_PATHS = NO;
				CLANG_CXX_LANGUAGE_STANDARD = "gnu++0x";
				CLANG_CXX_LIBRARY = "libc++";
				CLANG_ENABLE_MODULES = YES;
				CLANG_ENABLE_OBJC_ARC = YES;
				CLANG_WARN_BOOL_CONVERSION = YES;
				CLANG_WARN_CONSTANT_CONVERSION = YES;
				CLANG_WARN_DIRECT_OBJC_ISA_USAGE = YES_ERROR;
				CLANG_WARN_EMPTY_BODY = YES;
				CLANG_WARN_ENUM_CONVERSION = YES;
				CLANG_WARN_INT_CONVERSION = YES;
				CLANG_WARN_OBJC_ROOT_CLASS = YES_ERROR;
				CLANG_WARN_UNREACHABLE_CODE = YES;
				CLANG_WARN__DUPLICATE_METHOD_MATCH = YES;
				"CODE_SIGN_IDENTITY[sdk=iphoneos*]" = "iPhone Developer";
				COPY_PHASE_STRIP = YES;
				ENABLE_NS_ASSERTIONS = NO;
				ENABLE_STRICT_OBJC_MSGSEND = YES;
				GCC_C_LANGUAGE_STANDARD = gnu99;
				GCC_WARN_64_TO_32_BIT_CONVERSION = YES;
				GCC_WARN_ABOUT_RETURN_TYPE = YES_ERROR;
				GCC_WARN_UNDECLARED_SELECTOR = YES;
				GCC_WARN_UNINITIALIZED_AUTOS = YES_AGGRESSIVE;
				GCC_WARN_UNUSED_FUNCTION = YES;
				GCC_WARN_UNUSED_VARIABLE = YES;
				IPHONEOS_DEPLOYMENT_TARGET = 8.1;
				MTL_ENABLE_DEBUG_INFO = NO;
				SDKROOT = iphoneos;
				VALIDATE_PRODUCT = YES;
			};
			name = Release;
		};
		84D386B91A043F3D00ABCFC8 /* Debug */ = {
			isa = XCBuildConfiguration;
			buildSettings = {
				ASSETCATALOG_COMPILER_APPICON_NAME = AppIcon;
				INFOPLIST_FILE = AgeOfLaika/Info.plist;
				LD_RUNPATH_SEARCH_PATHS = "$(inherited) @executable_path/Frameworks";
				PRODUCT_NAME = "$(TARGET_NAME)";
			};
			name = Debug;
		};
		84D386BA1A043F3D00ABCFC8 /* Release */ = {
			isa = XCBuildConfiguration;
			buildSettings = {
				ASSETCATALOG_COMPILER_APPICON_NAME = AppIcon;
				INFOPLIST_FILE = AgeOfLaika/Info.plist;
				LD_RUNPATH_SEARCH_PATHS = "$(inherited) @executable_path/Frameworks";
				PRODUCT_NAME = "$(TARGET_NAME)";
			};
			name = Release;
		};
		84D386BC1A043F3D00ABCFC8 /* Debug */ = {
			isa = XCBuildConfiguration;
			buildSettings = {
				BUNDLE_LOADER = "$(TEST_HOST)";
				FRAMEWORK_SEARCH_PATHS = (
					"$(SDKROOT)/Developer/Library/Frameworks",
					"$(inherited)",
				);
				GCC_PREPROCESSOR_DEFINITIONS = (
					"DEBUG=1",
					"$(inherited)",
				);
				INFOPLIST_FILE = AgeOfLaikaTests/Info.plist;
				LD_RUNPATH_SEARCH_PATHS = "$(inherited) @executable_path/Frameworks @loader_path/Frameworks";
				PRODUCT_NAME = "$(TARGET_NAME)";
				TEST_HOST = "$(BUILT_PRODUCTS_DIR)/AgeOfLaika.app/AgeOfLaika";
			};
			name = Debug;
		};
		84D386BD1A043F3D00ABCFC8 /* Release */ = {
			isa = XCBuildConfiguration;
			buildSettings = {
				BUNDLE_LOADER = "$(TEST_HOST)";
				FRAMEWORK_SEARCH_PATHS = (
					"$(SDKROOT)/Developer/Library/Frameworks",
					"$(inherited)",
				);
				INFOPLIST_FILE = AgeOfLaikaTests/Info.plist;
				LD_RUNPATH_SEARCH_PATHS = "$(inherited) @executable_path/Frameworks @loader_path/Frameworks";
				PRODUCT_NAME = "$(TARGET_NAME)";
				TEST_HOST = "$(BUILT_PRODUCTS_DIR)/AgeOfLaika.app/AgeOfLaika";
			};
			name = Release;
		};
/* End XCBuildConfiguration section */

/* Begin XCConfigurationList section */
		84D386901A043F3D00ABCFC8 /* Build configuration list for PBXProject "AgeOfLaika" */ = {
			isa = XCConfigurationList;
			buildConfigurations = (
				84D386B61A043F3D00ABCFC8 /* Debug */,
				84D386B71A043F3D00ABCFC8 /* Release */,
			);
			defaultConfigurationIsVisible = 0;
			defaultConfigurationName = Release;
		};
		84D386B81A043F3D00ABCFC8 /* Build configuration list for PBXNativeTarget "AgeOfLaika" */ = {
			isa = XCConfigurationList;
			buildConfigurations = (
				84D386B91A043F3D00ABCFC8 /* Debug */,
				84D386BA1A043F3D00ABCFC8 /* Release */,
			);
			defaultConfigurationIsVisible = 0;
		};
		84D386BB1A043F3D00ABCFC8 /* Build configuration list for PBXNativeTarget "AgeOfLaikaTests" */ = {
			isa = XCConfigurationList;
			buildConfigurations = (
				84D386BC1A043F3D00ABCFC8 /* Debug */,
				84D386BD1A043F3D00ABCFC8 /* Release */,
			);
			defaultConfigurationIsVisible = 0;
		};
/* End XCConfigurationList section */
	};
	rootObject = 84D3868D1A043F3D00ABCFC8 /* Project object */;
}
